PODS:
  - AdBrixRemaster (0.2.0-beta)

DEPENDENCIES:
  - AdBrixRemaster (= 0.2.0-beta)

SPEC REPOS:
  https://github.com/CocoaPods/Specs.git:
    - AdBrixRemaster

SPEC CHECKSUMS:
  AdBrixRemaster: 7113006714e9c379da524319995c89454872e366

PODFILE CHECKSUM: b273433fa3a5adc6798df07854fabe720a726258

COCOAPODS: 1.5.0
