// !$*UTF8*$!
{
	archiveVersion = 1;
	classes = {
	};
	objectVersion = 48;
	objects = {

/* Begin PBXBuildFile section */
		137486DA206CE35C0004968F /* AdBrixRM.framework in Frameworks */ = {isa = PBXBuildFile; fileRef = 13EE5E7620689414008A81E0 /* AdBrixRM.framework */; };
		137486DB206CE35C0004968F /* AdBrixRM.framework in Embed Frameworks */ = {isa = PBXBuildFile; fileRef = 13EE5E7620689414008A81E0 /* AdBrixRM.framework */; settings = {ATTRIBUTES = (CodeSignOnCopy, RemoveHeadersOnCopy, ); }; };
		139DBBA8202944470026B03D /* AppDelegate.m in Sources */ = {isa = PBXBuildFile; fileRef = 139DBBA7202944470026B03D /* AppDelegate.m */; };
		139DBBAB202944470026B03D /* ViewController.m in Sources */ = {isa = PBXBuildFile; fileRef = 139DBBAA202944470026B03D /* ViewController.m */; };
		139DBBAE202944470026B03D /* Main.storyboard in Resources */ = {isa = PBXBuildFile; fileRef = 139DBBAC202944470026B03D /* Main.storyboard */; };
		139DBBB0202944470026B03D /* Assets.xcassets in Resources */ = {isa = PBXBuildFile; fileRef = 139DBBAF202944470026B03D /* Assets.xcassets */; };
		139DBBB3202944470026B03D /* LaunchScreen.storyboard in Resources */ = {isa = PBXBuildFile; fileRef = 139DBBB1202944470026B03D /* LaunchScreen.storyboard */; };
		139DBBB6202944470026B03D /* main.m in Sources */ = {isa = PBXBuildFile; fileRef = 139DBBB5202944470026B03D /* main.m */; };
		139DBBC0202944470026B03D /* TestApp_IOS_Abx_RemasterObjCTests.m in Sources */ = {isa = PBXBuildFile; fileRef = 139DBBBF202944470026B03D /* TestApp_IOS_Abx_RemasterObjCTests.m */; };
		139DBBCB202944470026B03D /* TestApp_IOS_Abx_RemasterObjCUITests.m in Sources */ = {isa = PBXBuildFile; fileRef = 139DBBCA202944470026B03D /* TestApp_IOS_Abx_RemasterObjCUITests.m */; };
		13EE5E74206893FE008A81E0 /* iAd.framework in Frameworks */ = {isa = PBXBuildFile; fileRef = 132FED33203FFEFF00793D1D /* iAd.framework */; };
		13EE5E7520689404008A81E0 /* UIKit.framework in Frameworks */ = {isa = PBXBuildFile; fileRef = 132FED35203FFF0700793D1D /* UIKit.framework */; };
/* End PBXBuildFile section */

/* Begin PBXContainerItemProxy section */
		139DBBBC202944470026B03D /* PBXContainerItemProxy */ = {
			isa = PBXContainerItemProxy;
			containerPortal = 139DBB9B202944470026B03D /* Project object */;
			proxyType = 1;
			remoteGlobalIDString = 139DBBA2202944470026B03D;
			remoteInfo = "TestApp-IOS-Abx-RemasterObjC";
		};
		139DBBC7202944470026B03D /* PBXContainerItemProxy */ = {
			isa = PBXContainerItemProxy;
			containerPortal = 139DBB9B202944470026B03D /* Project object */;
			proxyType = 1;
			remoteGlobalIDString = 139DBBA2202944470026B03D;
			remoteInfo = "TestApp-IOS-Abx-RemasterObjC";
		};
/* End PBXContainerItemProxy section */

/* Begin PBXCopyFilesBuildPhase section */
		137486DC206CE35C0004968F /* Embed Frameworks */ = {
			isa = PBXCopyFilesBuildPhase;
			buildActionMask = 2147483647;
			dstPath = "";
			dstSubfolderSpec = 10;
			files = (
				137486DB206CE35C0004968F /* AdBrixRM.framework in Embed Frameworks */,
			);
			name = "Embed Frameworks";
			runOnlyForDeploymentPostprocessing = 0;
		};
/* End PBXCopyFilesBuildPhase section */

/* Begin PBXFileReference section */
		132FED33203FFEFF00793D1D /* iAd.framework */ = {isa = PBXFileReference; lastKnownFileType = wrapper.framework; name = iAd.framework; path = System/Library/Frameworks/iAd.framework; sourceTree = SDKROOT; };
		132FED35203FFF0700793D1D /* UIKit.framework */ = {isa = PBXFileReference; lastKnownFileType = wrapper.framework; name = UIKit.framework; path = System/Library/Frameworks/UIKit.framework; sourceTree = SDKROOT; };
		139DBBA3202944470026B03D /* TestApp-IOS-Abx-RemasterObjC.app */ = {isa = PBXFileReference; explicitFileType = wrapper.application; includeInIndex = 0; path = "TestApp-IOS-Abx-RemasterObjC.app"; sourceTree = BUILT_PRODUCTS_DIR; };
		139DBBA6202944470026B03D /* AppDelegate.h */ = {isa = PBXFileReference; lastKnownFileType = sourcecode.c.h; path = AppDelegate.h; sourceTree = "<group>"; };
		139DBBA7202944470026B03D /* AppDelegate.m */ = {isa = PBXFileReference; lastKnownFileType = sourcecode.c.objc; path = AppDelegate.m; sourceTree = "<group>"; };
		139DBBA9202944470026B03D /* ViewController.h */ = {isa = PBXFileReference; lastKnownFileType = sourcecode.c.h; path = ViewController.h; sourceTree = "<group>"; };
		139DBBAA202944470026B03D /* ViewController.m */ = {isa = PBXFileReference; lastKnownFileType = sourcecode.c.objc; path = ViewController.m; sourceTree = "<group>"; };
		139DBBAD202944470026B03D /* Base */ = {isa = PBXFileReference; lastKnownFileType = file.storyboard; name = Base; path = Base.lproj/Main.storyboard; sourceTree = "<group>"; };
		139DBBAF202944470026B03D /* Assets.xcassets */ = {isa = PBXFileReference; lastKnownFileType = folder.assetcatalog; path = Assets.xcassets; sourceTree = "<group>"; };
		139DBBB2202944470026B03D /* Base */ = {isa = PBXFileReference; lastKnownFileType = file.storyboard; name = Base; path = Base.lproj/LaunchScreen.storyboard; sourceTree = "<group>"; };
		139DBBB4202944470026B03D /* Info.plist */ = {isa = PBXFileReference; lastKnownFileType = text.plist.xml; path = Info.plist; sourceTree = "<group>"; };
		139DBBB5202944470026B03D /* main.m */ = {isa = PBXFileReference; lastKnownFileType = sourcecode.c.objc; path = main.m; sourceTree = "<group>"; };
		139DBBBB202944470026B03D /* TestApp-IOS-Abx-RemasterObjCTests.xctest */ = {isa = PBXFileReference; explicitFileType = wrapper.cfbundle; includeInIndex = 0; path = "TestApp-IOS-Abx-RemasterObjCTests.xctest"; sourceTree = BUILT_PRODUCTS_DIR; };
		139DBBBF202944470026B03D /* TestApp_IOS_Abx_RemasterObjCTests.m */ = {isa = PBXFileReference; lastKnownFileType = sourcecode.c.objc; path = TestApp_IOS_Abx_RemasterObjCTests.m; sourceTree = "<group>"; };
		139DBBC1202944470026B03D /* Info.plist */ = {isa = PBXFileReference; lastKnownFileType = text.plist.xml; path = Info.plist; sourceTree = "<group>"; };
		139DBBC6202944470026B03D /* TestApp-IOS-Abx-RemasterObjCUITests.xctest */ = {isa = PBXFileReference; explicitFileType = wrapper.cfbundle; includeInIndex = 0; path = "TestApp-IOS-Abx-RemasterObjCUITests.xctest"; sourceTree = BUILT_PRODUCTS_DIR; };
		139DBBCA202944470026B03D /* TestApp_IOS_Abx_RemasterObjCUITests.m */ = {isa = PBXFileReference; lastKnownFileType = sourcecode.c.objc; path = TestApp_IOS_Abx_RemasterObjCUITests.m; sourceTree = "<group>"; };
		139DBBCC202944470026B03D /* Info.plist */ = {isa = PBXFileReference; lastKnownFileType = text.plist.xml; path = Info.plist; sourceTree = "<group>"; };
		13C2B7D2202AF86C0039CFD0 /* AdBrix.framework */ = {isa = PBXFileReference; lastKnownFileType = wrapper.framework; name = AdBrix.framework; path = "../../../../Library/Developer/Xcode/DerivedData/TestApp-IOS-Abx.RemasterWorkspace-hcwfpnkhosstjshlacxfvblfqrcs/Build/Products/Release-iphoneos/AdBrix.framework"; sourceTree = "<group>"; };
		13EE5E7620689414008A81E0 /* AdBrixRM.framework */ = {isa = PBXFileReference; lastKnownFileType = wrapper.framework; path = AdBrixRM.framework; sourceTree = "<group>"; };
/* End PBXFileReference section */

/* Begin PBXFrameworksBuildPhase section */
		139DBBA0202944470026B03D /* Frameworks */ = {
			isa = PBXFrameworksBuildPhase;
			buildActionMask = 2147483647;
			files = (
				13EE5E7520689404008A81E0 /* UIKit.framework in Frameworks */,
				13EE5E74206893FE008A81E0 /* iAd.framework in Frameworks */,
				137486DA206CE35C0004968F /* AdBrixRM.framework in Frameworks */,
			);
			runOnlyForDeploymentPostprocessing = 0;
		};
		139DBBB8202944470026B03D /* Frameworks */ = {
			isa = PBXFrameworksBuildPhase;
			buildActionMask = 2147483647;
			files = (
			);
			runOnlyForDeploymentPostprocessing = 0;
		};
		139DBBC3202944470026B03D /* Frameworks */ = {
			isa = PBXFrameworksBuildPhase;
			buildActionMask = 2147483647;
			files = (
			);
			runOnlyForDeploymentPostprocessing = 0;
		};
/* End PBXFrameworksBuildPhase section */

/* Begin PBXGroup section */
		137A0BCC202944BC00F3072C /* Frameworks */ = {
			isa = PBXGroup;
			children = (
				132FED35203FFF0700793D1D /* UIKit.framework */,
				132FED33203FFEFF00793D1D /* iAd.framework */,
				13C2B7D2202AF86C0039CFD0 /* AdBrix.framework */,
			);
			name = Frameworks;
			sourceTree = "<group>";
		};
		139DBB9A202944470026B03D = {
			isa = PBXGroup;
			children = (
				13EE5E7620689414008A81E0 /* AdBrixRM.framework */,
				139DBBA5202944470026B03D /* TestApp-IOS-Abx-RemasterObjC */,
				139DBBBE202944470026B03D /* TestApp-IOS-Abx-RemasterObjCTests */,
				139DBBC9202944470026B03D /* TestApp-IOS-Abx-RemasterObjCUITests */,
				139DBBA4202944470026B03D /* Products */,
				137A0BCC202944BC00F3072C /* Frameworks */,
			);
			sourceTree = "<group>";
		};
		139DBBA4202944470026B03D /* Products */ = {
			isa = PBXGroup;
			children = (
				139DBBA3202944470026B03D /* TestApp-IOS-Abx-RemasterObjC.app */,
				139DBBBB202944470026B03D /* TestApp-IOS-Abx-RemasterObjCTests.xctest */,
				139DBBC6202944470026B03D /* TestApp-IOS-Abx-RemasterObjCUITests.xctest */,
			);
			name = Products;
			sourceTree = "<group>";
		};
		139DBBA5202944470026B03D /* TestApp-IOS-Abx-RemasterObjC */ = {
			isa = PBXGroup;
			children = (
				139DBBA6202944470026B03D /* AppDelegate.h */,
				139DBBA7202944470026B03D /* AppDelegate.m */,
				139DBBA9202944470026B03D /* ViewController.h */,
				139DBBAA202944470026B03D /* ViewController.m */,
				139DBBAC202944470026B03D /* Main.storyboard */,
				139DBBAF202944470026B03D /* Assets.xcassets */,
				139DBBB1202944470026B03D /* LaunchScreen.storyboard */,
				139DBBB4202944470026B03D /* Info.plist */,
				139DBBB5202944470026B03D /* main.m */,
			);
			path = "TestApp-IOS-Abx-RemasterObjC";
			sourceTree = "<group>";
		};
		139DBBBE202944470026B03D /* TestApp-IOS-Abx-RemasterObjCTests */ = {
			isa = PBXGroup;
			children = (
				139DBBBF202944470026B03D /* TestApp_IOS_Abx_RemasterObjCTests.m */,
				139DBBC1202944470026B03D /* Info.plist */,
			);
			path = "TestApp-IOS-Abx-RemasterObjCTests";
			sourceTree = "<group>";
		};
		139DBBC9202944470026B03D /* TestApp-IOS-Abx-RemasterObjCUITests */ = {
			isa = PBXGroup;
			children = (
				139DBBCA202944470026B03D /* TestApp_IOS_Abx_RemasterObjCUITests.m */,
				139DBBCC202944470026B03D /* Info.plist */,
			);
			path = "TestApp-IOS-Abx-RemasterObjCUITests";
			sourceTree = "<group>";
		};
/* End PBXGroup section */

/* Begin PBXNativeTarget section */
		139DBBA2202944470026B03D /* TestApp-IOS-Abx-RemasterObjC */ = {
			isa = PBXNativeTarget;
			buildConfigurationList = 139DBBCF202944470026B03D /* Build configuration list for PBXNativeTarget "TestApp-IOS-Abx-RemasterObjC" */;
			buildPhases = (
				139DBB9F202944470026B03D /* Sources */,
				139DBBA0202944470026B03D /* Frameworks */,
				139DBBA1202944470026B03D /* Resources */,
				137486DC206CE35C0004968F /* Embed Frameworks */,
			);
			buildRules = (
			);
			dependencies = (
			);
			name = "TestApp-IOS-Abx-RemasterObjC";
			productName = "TestApp-IOS-Abx-RemasterObjC";
			productReference = 139DBBA3202944470026B03D /* TestApp-IOS-Abx-RemasterObjC.app */;
			productType = "com.apple.product-type.application";
		};
		139DBBBA202944470026B03D /* TestApp-IOS-Abx-RemasterObjCTests */ = {
			isa = PBXNativeTarget;
			buildConfigurationList = 139DBBD2202944470026B03D /* Build configuration list for PBXNativeTarget "TestApp-IOS-Abx-RemasterObjCTests" */;
			buildPhases = (
				139DBBB7202944470026B03D /* Sources */,
				139DBBB8202944470026B03D /* Frameworks */,
				139DBBB9202944470026B03D /* Resources */,
			);
			buildRules = (
			);
			dependencies = (
				139DBBBD202944470026B03D /* PBXTargetDependency */,
			);
			name = "TestApp-IOS-Abx-RemasterObjCTests";
			productName = "TestApp-IOS-Abx-RemasterObjCTests";
			productReference = 139DBBBB202944470026B03D /* TestApp-IOS-Abx-RemasterObjCTests.xctest */;
			productType = "com.apple.product-type.bundle.unit-test";
		};
		139DBBC5202944470026B03D /* TestApp-IOS-Abx-RemasterObjCUITests */ = {
			isa = PBXNativeTarget;
			buildConfigurationList = 139DBBD5202944470026B03D /* Build configuration list for PBXNativeTarget "TestApp-IOS-Abx-RemasterObjCUITests" */;
			buildPhases = (
				139DBBC2202944470026B03D /* Sources */,
				139DBBC3202944470026B03D /* Frameworks */,
				139DBBC4202944470026B03D /* Resources */,
			);
			buildRules = (
			);
			dependencies = (
				139DBBC8202944470026B03D /* PBXTargetDependency */,
			);
			name = "TestApp-IOS-Abx-RemasterObjCUITests";
			productName = "TestApp-IOS-Abx-RemasterObjCUITests";
			productReference = 139DBBC6202944470026B03D /* TestApp-IOS-Abx-RemasterObjCUITests.xctest */;
			productType = "com.apple.product-type.bundle.ui-testing";
		};
/* End PBXNativeTarget section */

/* Begin PBXProject section */
		139DBB9B202944470026B03D /* Project object */ = {
			isa = PBXProject;
			attributes = {
				LastUpgradeCheck = 0930;
				ORGANIZATIONNAME = igaworks;
				TargetAttributes = {
					139DBBA2202944470026B03D = {
						CreatedOnToolsVersion = 9.2;
						ProvisioningStyle = Automatic;
						SystemCapabilities = {
							com.apple.BackgroundModes = {
								enabled = 1;
							};
						};
					};
					139DBBBA202944470026B03D = {
						CreatedOnToolsVersion = 9.2;
						ProvisioningStyle = Automatic;
						TestTargetID = 139DBBA2202944470026B03D;
					};
					139DBBC5202944470026B03D = {
						CreatedOnToolsVersion = 9.2;
						ProvisioningStyle = Automatic;
						TestTargetID = 139DBBA2202944470026B03D;
					};
				};
			};
			buildConfigurationList = 139DBB9E202944470026B03D /* Build configuration list for PBXProject "TestApp-IOS-Abx-RemasterObjC" */;
			compatibilityVersion = "Xcode 8.0";
			developmentRegion = en;
			hasScannedForEncodings = 0;
			knownRegions = (
				en,
				Base,
			);
			mainGroup = 139DBB9A202944470026B03D;
			productRefGroup = 139DBBA4202944470026B03D /* Products */;
			projectDirPath = "";
			projectRoot = "";
			targets = (
				139DBBA2202944470026B03D /* TestApp-IOS-Abx-RemasterObjC */,
				139DBBBA202944470026B03D /* TestApp-IOS-Abx-RemasterObjCTests */,
				139DBBC5202944470026B03D /* TestApp-IOS-Abx-RemasterObjCUITests */,
			);
		};
/* End PBXProject section */

/* Begin PBXResourcesBuildPhase section */
		139DBBA1202944470026B03D /* Resources */ = {
			isa = PBXResourcesBuildPhase;
			buildActionMask = 2147483647;
			files = (
				139DBBB3202944470026B03D /* LaunchScreen.storyboard in Resources */,
				139DBBB0202944470026B03D /* Assets.xcassets in Resources */,
				139DBBAE202944470026B03D /* Main.storyboard in Resources */,
			);
			runOnlyForDeploymentPostprocessing = 0;
		};
		139DBBB9202944470026B03D /* Resources */ = {
			isa = PBXResourcesBuildPhase;
			buildActionMask = 2147483647;
			files = (
			);
			runOnlyForDeploymentPostprocessing = 0;
		};
		139DBBC4202944470026B03D /* Resources */ = {
			isa = PBXResourcesBuildPhase;
			buildActionMask = 2147483647;
			files = (
			);
			runOnlyForDeploymentPostprocessing = 0;
		};
/* End PBXResourcesBuildPhase section */

/* Begin PBXSourcesBuildPhase section */
		139DBB9F202944470026B03D /* Sources */ = {
			isa = PBXSourcesBuildPhase;
			buildActionMask = 2147483647;
			files = (
				139DBBAB202944470026B03D /* ViewController.m in Sources */,
				139DBBB6202944470026B03D /* main.m in Sources */,
				139DBBA8202944470026B03D /* AppDelegate.m in Sources */,
			);
			runOnlyForDeploymentPostprocessing = 0;
		};
		139DBBB7202944470026B03D /* Sources */ = {
			isa = PBXSourcesBuildPhase;
			buildActionMask = 2147483647;
			files = (
				139DBBC0202944470026B03D /* TestApp_IOS_Abx_RemasterObjCTests.m in Sources */,
			);
			runOnlyForDeploymentPostprocessing = 0;
		};
		139DBBC2202944470026B03D /* Sources */ = {
			isa = PBXSourcesBuildPhase;
			buildActionMask = 2147483647;
			files = (
				139DBBCB202944470026B03D /* TestApp_IOS_Abx_RemasterObjCUITests.m in Sources */,
			);
			runOnlyForDeploymentPostprocessing = 0;
		};
/* End PBXSourcesBuildPhase section */

/* Begin PBXTargetDependency section */
		139DBBBD202944470026B03D /* PBXTargetDependency */ = {
			isa = PBXTargetDependency;
			target = 139DBBA2202944470026B03D /* TestApp-IOS-Abx-RemasterObjC */;
			targetProxy = 139DBBBC202944470026B03D /* PBXContainerItemProxy */;
		};
		139DBBC8202944470026B03D /* PBXTargetDependency */ = {
			isa = PBXTargetDependency;
			target = 139DBBA2202944470026B03D /* TestApp-IOS-Abx-RemasterObjC */;
			targetProxy = 139DBBC7202944470026B03D /* PBXContainerItemProxy */;
		};
/* End PBXTargetDependency section */

/* Begin PBXVariantGroup section */
		139DBBAC202944470026B03D /* Main.storyboard */ = {
			isa = PBXVariantGroup;
			children = (
				139DBBAD202944470026B03D /* Base */,
			);
			name = Main.storyboard;
			sourceTree = "<group>";
		};
		139DBBB1202944470026B03D /* LaunchScreen.storyboard */ = {
			isa = PBXVariantGroup;
			children = (
				139DBBB2202944470026B03D /* Base */,
			);
			name = LaunchScreen.storyboard;
			sourceTree = "<group>";
		};
/* End PBXVariantGroup section */

/* Begin XCBuildConfiguration section */
		139DBBCD202944470026B03D /* Debug */ = {
			isa = XCBuildConfiguration;
			buildSettings = {
				ALWAYS_EMBED_SWIFT_STANDARD_LIBRARIES = YES;
				ALWAYS_SEARCH_USER_PATHS = NO;
				CLANG_ANALYZER_NONNULL = YES;
				CLANG_ANALYZER_NUMBER_OBJECT_CONVERSION = YES_AGGRESSIVE;
				CLANG_CXX_LANGUAGE_STANDARD = "gnu++14";
				CLANG_CXX_LIBRARY = "libc++";
				CLANG_ENABLE_MODULES = YES;
				CLANG_ENABLE_OBJC_ARC = YES;
				CLANG_WARN_BLOCK_CAPTURE_AUTORELEASING = YES;
				CLANG_WARN_BOOL_CONVERSION = YES;
				CLANG_WARN_COMMA = YES;
				CLANG_WARN_CONSTANT_CONVERSION = YES;
				CLANG_WARN_DEPRECATED_OBJC_IMPLEMENTATIONS = YES;
				CLANG_WARN_DIRECT_OBJC_ISA_USAGE = YES_ERROR;
				CLANG_WARN_DOCUMENTATION_COMMENTS = YES;
				CLANG_WARN_EMPTY_BODY = YES;
				CLANG_WARN_ENUM_CONVERSION = YES;
				CLANG_WARN_INFINITE_RECURSION = YES;
				CLANG_WARN_INT_CONVERSION = YES;
				CLANG_WARN_NON_LITERAL_NULL_CONVERSION = YES;
				CLANG_WARN_OBJC_IMPLICIT_RETAIN_SELF = YES;
				CLANG_WARN_OBJC_LITERAL_CONVERSION = YES;
				CLANG_WARN_OBJC_ROOT_CLASS = YES_ERROR;
				CLANG_WARN_RANGE_LOOP_ANALYSIS = YES;
				CLANG_WARN_STRICT_PROTOTYPES = YES;
				CLANG_WARN_SUSPICIOUS_MOVE = YES;
				CLANG_WARN_UNGUARDED_AVAILABILITY = YES_AGGRESSIVE;
				CLANG_WARN_UNREACHABLE_CODE = YES;
				CLANG_WARN__DUPLICATE_METHOD_MATCH = YES;
				CODE_SIGN_IDENTITY = "iPhone Developer";
				COPY_PHASE_STRIP = NO;
				DEBUG_INFORMATION_FORMAT = dwarf;
				ENABLE_STRICT_OBJC_MSGSEND = YES;
				ENABLE_TESTABILITY = YES;
				GCC_C_LANGUAGE_STANDARD = gnu11;
				GCC_DYNAMIC_NO_PIC = NO;
				GCC_NO_COMMON_BLOCKS = YES;
				GCC_OPTIMIZATION_LEVEL = 0;
				GCC_PREPROCESSOR_DEFINITIONS = (
					"DEBUG=1",
					"$(inherited)",
				);
				GCC_WARN_64_TO_32_BIT_CONVERSION = YES;
				GCC_WARN_ABOUT_RETURN_TYPE = YES_ERROR;
				GCC_WARN_UNDECLARED_SELECTOR = YES;
				GCC_WARN_UNINITIALIZED_AUTOS = YES_AGGRESSIVE;
				GCC_WARN_UNUSED_FUNCTION = YES;
				GCC_WARN_UNUSED_VARIABLE = YES;
				IPHONEOS_DEPLOYMENT_TARGET = 11.4;
				MTL_ENABLE_DEBUG_INFO = YES;
				ONLY_ACTIVE_ARCH = YES;
				SDKROOT = iphoneos;
			};
			name = Debug;
		};
		139DBBCE202944470026B03D /* Release */ = {
			isa = XCBuildConfiguration;
			buildSettings = {
				ALWAYS_EMBED_SWIFT_STANDARD_LIBRARIES = YES;
				ALWAYS_SEARCH_USER_PATHS = NO;
				CLANG_ANALYZER_NONNULL = YES;
				CLANG_ANALYZER_NUMBER_OBJECT_CONVERSION = YES_AGGRESSIVE;
				CLANG_CXX_LANGUAGE_STANDARD = "gnu++14";
				CLANG_CXX_LIBRARY = "libc++";
				CLANG_ENABLE_MODULES = YES;
				CLANG_ENABLE_OBJC_ARC = YES;
				CLANG_WARN_BLOCK_CAPTURE_AUTORELEASING = YES;
				CLANG_WARN_BOOL_CONVERSION = YES;
				CLANG_WARN_COMMA = YES;
				CLANG_WARN_CONSTANT_CONVERSION = YES;
				CLANG_WARN_DEPRECATED_OBJC_IMPLEMENTATIONS = YES;
				CLANG_WARN_DIRECT_OBJC_ISA_USAGE = YES_ERROR;
				CLANG_WARN_DOCUMENTATION_COMMENTS = YES;
				CLANG_WARN_EMPTY_BODY = YES;
				CLANG_WARN_ENUM_CONVERSION = YES;
				CLANG_WARN_INFINITE_RECURSION = YES;
				CLANG_WARN_INT_CONVERSION = YES;
				CLANG_WARN_NON_LITERAL_NULL_CONVERSION = YES;
				CLANG_WARN_OBJC_IMPLICIT_RETAIN_SELF = YES;
				CLANG_WARN_OBJC_LITERAL_CONVERSION = YES;
				CLANG_WARN_OBJC_ROOT_CLASS = YES_ERROR;
				CLANG_WARN_RANGE_LOOP_ANALYSIS = YES;
				CLANG_WARN_STRICT_PROTOTYPES = YES;
				CLANG_WARN_SUSPICIOUS_MOVE = YES;
				CLANG_WARN_UNGUARDED_AVAILABILITY = YES_AGGRESSIVE;
				CLANG_WARN_UNREACHABLE_CODE = YES;
				CLANG_WARN__DUPLICATE_METHOD_MATCH = YES;
				CODE_SIGN_IDENTITY = "iPhone Developer";
				COPY_PHASE_STRIP = NO;
				DEBUG_INFORMATION_FORMAT = "dwarf-with-dsym";
				ENABLE_NS_ASSERTIONS = NO;
				ENABLE_STRICT_OBJC_MSGSEND = YES;
				GCC_C_LANGUAGE_STANDARD = gnu11;
				GCC_NO_COMMON_BLOCKS = YES;
				GCC_WARN_64_TO_32_BIT_CONVERSION = YES;
				GCC_WARN_ABOUT_RETURN_TYPE = YES_ERROR;
				GCC_WARN_UNDECLARED_SELECTOR = YES;
				GCC_WARN_UNINITIALIZED_AUTOS = YES_AGGRESSIVE;
				GCC_WARN_UNUSED_FUNCTION = YES;
				GCC_WARN_UNUSED_VARIABLE = YES;
				IPHONEOS_DEPLOYMENT_TARGET = 11.4;
				MTL_ENABLE_DEBUG_INFO = NO;
				SDKROOT = iphoneos;
				VALIDATE_PRODUCT = YES;
			};
			name = Release;
		};
		139DBBD0202944470026B03D /* Debug */ = {
			isa = XCBuildConfiguration;
			buildSettings = {
				ASSETCATALOG_COMPILER_APPICON_NAME = AppIcon;
				CODE_SIGN_STYLE = Automatic;
				DEVELOPMENT_TEAM = 6UFX7ZBPC3;
				FRAMEWORK_SEARCH_PATHS = (
					"$(inherited)",
					"$(PROJECT_DIR)",
				);
				INFOPLIST_FILE = "TestApp-IOS-Abx-RemasterObjC/Info.plist";
				IPHONEOS_DEPLOYMENT_TARGET = 10.0;
				LD_RUNPATH_SEARCH_PATHS = "$(inherited) @executable_path/Frameworks";
				OTHER_LDFLAGS = (
					"-ObjC",
					"-all_load",
				);
				PRODUCT_BUNDLE_IDENTIFIER = "com.igaworks.TestApp-IOS-Abx-RemasterObjC";
				PRODUCT_NAME = "$(TARGET_NAME)";
				TARGETED_DEVICE_FAMILY = "1,2";
				USER_HEADER_SEARCH_PATHS = "\"$(SRCROOT)/../SDK-IOS-Abx-Remaster/AdBrix\"/**";
			};
			name = Debug;
		};
		139DBBD1202944470026B03D /* Release */ = {
			isa = XCBuildConfiguration;
			buildSettings = {
				ASSETCATALOG_COMPILER_APPICON_NAME = AppIcon;
				CODE_SIGN_STYLE = Automatic;
				DEVELOPMENT_TEAM = 6UFX7ZBPC3;
				FRAMEWORK_SEARCH_PATHS = (
					"$(inherited)",
					"$(PROJECT_DIR)",
				);
				GCC_OPTIMIZATION_LEVEL = s;
				INFOPLIST_FILE = "TestApp-IOS-Abx-RemasterObjC/Info.plist";
				IPHONEOS_DEPLOYMENT_TARGET = 10.0;
				LD_RUNPATH_SEARCH_PATHS = "$(inherited) @executable_path/Frameworks";
				OTHER_LDFLAGS = (
					"-ObjC",
					"-all_load",
				);
				PRODUCT_BUNDLE_IDENTIFIER = "com.igaworks.TestApp-IOS-Abx-RemasterObjC";
				PRODUCT_NAME = "$(TARGET_NAME)";
				TARGETED_DEVICE_FAMILY = "1,2";
				USER_HEADER_SEARCH_PATHS = "\"$(SRCROOT)/../SDK-IOS-Abx-Remaster/AdBrix\"/**";
			};
			name = Release;
		};
		139DBBD3202944470026B03D /* Debug */ = {
			isa = XCBuildConfiguration;
			buildSettings = {
				BUNDLE_LOADER = "$(TEST_HOST)";
				CODE_SIGN_STYLE = Automatic;
				DEVELOPMENT_TEAM = 6UFX7ZBPC3;
				INFOPLIST_FILE = "TestApp-IOS-Abx-RemasterObjCTests/Info.plist";
				LD_RUNPATH_SEARCH_PATHS = "$(inherited) @executable_path/Frameworks @loader_path/Frameworks";
				PRODUCT_BUNDLE_IDENTIFIER = "com.igaworks.TestApp-IOS-Abx-RemasterObjCTests";
				PRODUCT_NAME = "$(TARGET_NAME)";
				TARGETED_DEVICE_FAMILY = "1,2";
				TEST_HOST = "$(BUILT_PRODUCTS_DIR)/TestApp-IOS-Abx-RemasterObjC.app/TestApp-IOS-Abx-RemasterObjC";
			};
			name = Debug;
		};
		139DBBD4202944470026B03D /* Release */ = {
			isa = XCBuildConfiguration;
			buildSettings = {
				BUNDLE_LOADER = "$(TEST_HOST)";
				CODE_SIGN_STYLE = Automatic;
				DEVELOPMENT_TEAM = 6UFX7ZBPC3;
				INFOPLIST_FILE = "TestApp-IOS-Abx-RemasterObjCTests/Info.plist";
				LD_RUNPATH_SEARCH_PATHS = "$(inherited) @executable_path/Frameworks @loader_path/Frameworks";
				PRODUCT_BUNDLE_IDENTIFIER = "com.igaworks.TestApp-IOS-Abx-RemasterObjCTests";
				PRODUCT_NAME = "$(TARGET_NAME)";
				TARGETED_DEVICE_FAMILY = "1,2";
				TEST_HOST = "$(BUILT_PRODUCTS_DIR)/TestApp-IOS-Abx-RemasterObjC.app/TestApp-IOS-Abx-RemasterObjC";
			};
			name = Release;
		};
		139DBBD6202944470026B03D /* Debug */ = {
			isa = XCBuildConfiguration;
			buildSettings = {
				CODE_SIGN_STYLE = Automatic;
				DEVELOPMENT_TEAM = 6UFX7ZBPC3;
				INFOPLIST_FILE = "TestApp-IOS-Abx-RemasterObjCUITests/Info.plist";
				LD_RUNPATH_SEARCH_PATHS = "$(inherited) @executable_path/Frameworks @loader_path/Frameworks";
				PRODUCT_BUNDLE_IDENTIFIER = "com.igaworks.TestApp-IOS-Abx-RemasterObjCUITests";
				PRODUCT_NAME = "$(TARGET_NAME)";
				TARGETED_DEVICE_FAMILY = "1,2";
				TEST_TARGET_NAME = "TestApp-IOS-Abx-RemasterObjC";
			};
			name = Debug;
		};
		139DBBD7202944470026B03D /* Release */ = {
			isa = XCBuildConfiguration;
			buildSettings = {
				CODE_SIGN_STYLE = Automatic;
				DEVELOPMENT_TEAM = 6UFX7ZBPC3;
				INFOPLIST_FILE = "TestApp-IOS-Abx-RemasterObjCUITests/Info.plist";
				LD_RUNPATH_SEARCH_PATHS = "$(inherited) @executable_path/Frameworks @loader_path/Frameworks";
				PRODUCT_BUNDLE_IDENTIFIER = "com.igaworks.TestApp-IOS-Abx-RemasterObjCUITests";
				PRODUCT_NAME = "$(TARGET_NAME)";
				TARGETED_DEVICE_FAMILY = "1,2";
				TEST_TARGET_NAME = "TestApp-IOS-Abx-RemasterObjC";
			};
			name = Release;
		};
/* End XCBuildConfiguration section */

/* Begin XCConfigurationList section */
		139DBB9E202944470026B03D /* Build configuration list for PBXProject "TestApp-IOS-Abx-RemasterObjC" */ = {
			isa = XCConfigurationList;
			buildConfigurations = (
				139DBBCD202944470026B03D /* Debug */,
				139DBBCE202944470026B03D /* Release */,
			);
			defaultConfigurationIsVisible = 0;
			defaultConfigurationName = Release;
		};
		139DBBCF202944470026B03D /* Build configuration list for PBXNativeTarget "TestApp-IOS-Abx-RemasterObjC" */ = {
			isa = XCConfigurationList;
			buildConfigurations = (
				139DBBD0202944470026B03D /* Debug */,
				139DBBD1202944470026B03D /* Release */,
			);
			defaultConfigurationIsVisible = 0;
			defaultConfigurationName = Release;
		};
		139DBBD2202944470026B03D /* Build configuration list for PBXNativeTarget "TestApp-IOS-Abx-RemasterObjCTests" */ = {
			isa = XCConfigurationList;
			buildConfigurations = (
				139DBBD3202944470026B03D /* Debug */,
				139DBBD4202944470026B03D /* Release */,
			);
			defaultConfigurationIsVisible = 0;
			defaultConfigurationName = Release;
		};
		139DBBD5202944470026B03D /* Build configuration list for PBXNativeTarget "TestApp-IOS-Abx-RemasterObjCUITests" */ = {
			isa = XCConfigurationList;
			buildConfigurations = (
				139DBBD6202944470026B03D /* Debug */,
				139DBBD7202944470026B03D /* Release */,
			);
			defaultConfigurationIsVisible = 0;
			defaultConfigurationName = Release;
		};
/* End XCConfigurationList section */
	};
	rootObject = 139DBB9B202944470026B03D /* Project object */;
}
