// !$*UTF8*$!
{
	archiveVersion = 1;
	classes = {
	};
	objectVersion = 46;
	objects = {

/* Begin PBXBuildFile section */
		EE1C49011B56287E009C1304 /* PluginIgaworksCoupon.h in CopyFiles */ = {isa = PBXBuildFile; fileRef = EE1C49001B56287E009C1304 /* PluginIgaworksCoupon.h */; };
		EE1C49031B56287E009C1304 /* PluginIgaworksCoupon.m in Sources */ = {isa = PBXBuildFile; fileRef = EE1C49021B56287E009C1304 /* PluginIgaworksCoupon.m */; };
		EE1C49091B56287F009C1304 /* libPluginIgaworksCoupon.a in Frameworks */ = {isa = PBXBuildFile; fileRef = EE1C48FD1B56287E009C1304 /* libPluginIgaworksCoupon.a */; };
		EE1C49181B5629EE009C1304 /* IgaworksCoupon.framework in Frameworks */ = {isa = PBXBuildFile; fileRef = EE1C49171B5629EE009C1304 /* IgaworksCoupon.framework */; };
		EE1C491A1B5629F6009C1304 /* IgaworksCoupon.bundle in Resources */ = {isa = PBXBuildFile; fileRef = EE1C49191B5629F6009C1304 /* IgaworksCoupon.bundle */; };
/* End PBXBuildFile section */

/* Begin PBXContainerItemProxy section */
		EE1C490A1B56287F009C1304 /* PBXContainerItemProxy */ = {
			isa = PBXContainerItemProxy;
			containerPortal = EE1C48F51B56287E009C1304 /* Project object */;
			proxyType = 1;
			remoteGlobalIDString = EE1C48FC1B56287E009C1304;
			remoteInfo = PluginIgaworksCoupon;
		};
/* End PBXContainerItemProxy section */

/* Begin PBXCopyFilesBuildPhase section */
		EE1C48FB1B56287E009C1304 /* CopyFiles */ = {
			isa = PBXCopyFilesBuildPhase;
			buildActionMask = 2147483647;
			dstPath = "include/$(PRODUCT_NAME)";
			dstSubfolderSpec = 16;
			files = (
				EE1C49011B56287E009C1304 /* PluginIgaworksCoupon.h in CopyFiles */,
			);
			runOnlyForDeploymentPostprocessing = 0;
		};
/* End PBXCopyFilesBuildPhase section */

/* Begin PBXFileReference section */
		EE1C48FD1B56287E009C1304 /* libPluginIgaworksCoupon.a */ = {isa = PBXFileReference; explicitFileType = archive.ar; includeInIndex = 0; path = libPluginIgaworksCoupon.a; sourceTree = BUILT_PRODUCTS_DIR; };
		EE1C49001B56287E009C1304 /* PluginIgaworksCoupon.h */ = {isa = PBXFileReference; lastKnownFileType = sourcecode.c.h; path = PluginIgaworksCoupon.h; sourceTree = "<group>"; };
		EE1C49021B56287E009C1304 /* PluginIgaworksCoupon.m */ = {isa = PBXFileReference; lastKnownFileType = sourcecode.c.objc; path = PluginIgaworksCoupon.m; sourceTree = "<group>"; };
		EE1C49081B56287F009C1304 /* PluginIgaworksCouponTests.xctest */ = {isa = PBXFileReference; explicitFileType = wrapper.cfbundle; includeInIndex = 0; path = PluginIgaworksCouponTests.xctest; sourceTree = BUILT_PRODUCTS_DIR; };
		EE1C490E1B56287F009C1304 /* Info.plist */ = {isa = PBXFileReference; lastKnownFileType = text.plist.xml; path = Info.plist; sourceTree = "<group>"; };
		EE1C49171B5629EE009C1304 /* IgaworksCoupon.framework */ = {isa = PBXFileReference; lastKnownFileType = wrapper.framework; name = IgaworksCoupon.framework; path = ../../IgaworksCoupon.framework; sourceTree = "<group>"; };
		EE1C49191B5629F6009C1304 /* IgaworksCoupon.bundle */ = {isa = PBXFileReference; lastKnownFileType = "wrapper.plug-in"; name = IgaworksCoupon.bundle; path = ../../IgaworksCoupon.framework/Versions/A/Resources/IgaworksCoupon.bundle; sourceTree = "<group>"; };
/* End PBXFileReference section */

/* Begin PBXFrameworksBuildPhase section */
		EE1C48FA1B56287E009C1304 /* Frameworks */ = {
			isa = PBXFrameworksBuildPhase;
			buildActionMask = 2147483647;
			files = (
				EE1C49181B5629EE009C1304 /* IgaworksCoupon.framework in Frameworks */,
			);
			runOnlyForDeploymentPostprocessing = 0;
		};
		EE1C49051B56287F009C1304 /* Frameworks */ = {
			isa = PBXFrameworksBuildPhase;
			buildActionMask = 2147483647;
			files = (
				EE1C49091B56287F009C1304 /* libPluginIgaworksCoupon.a in Frameworks */,
			);
			runOnlyForDeploymentPostprocessing = 0;
		};
/* End PBXFrameworksBuildPhase section */

/* Begin PBXGroup section */
		EE1C48F41B56287E009C1304 = {
			isa = PBXGroup;
			children = (
				EE1C48FF1B56287E009C1304 /* PluginIgaworksCoupon */,
				EE1C490C1B56287F009C1304 /* PluginIgaworksCouponTests */,
				EE1C48FE1B56287E009C1304 /* Products */,
			);
			sourceTree = "<group>";
		};
		EE1C48FE1B56287E009C1304 /* Products */ = {
			isa = PBXGroup;
			children = (
				EE1C48FD1B56287E009C1304 /* libPluginIgaworksCoupon.a */,
				EE1C49081B56287F009C1304 /* PluginIgaworksCouponTests.xctest */,
			);
			name = Products;
			sourceTree = "<group>";
		};
		EE1C48FF1B56287E009C1304 /* PluginIgaworksCoupon */ = {
			isa = PBXGroup;
			children = (
				EE1C49191B5629F6009C1304 /* IgaworksCoupon.bundle */,
				EE1C49171B5629EE009C1304 /* IgaworksCoupon.framework */,
				EE1C49001B56287E009C1304 /* PluginIgaworksCoupon.h */,
				EE1C49021B56287E009C1304 /* PluginIgaworksCoupon.m */,
			);
			path = PluginIgaworksCoupon;
			sourceTree = "<group>";
		};
		EE1C490C1B56287F009C1304 /* PluginIgaworksCouponTests */ = {
			isa = PBXGroup;
			children = (
				EE1C490D1B56287F009C1304 /* Supporting Files */,
			);
			path = PluginIgaworksCouponTests;
			sourceTree = "<group>";
		};
		EE1C490D1B56287F009C1304 /* Supporting Files */ = {
			isa = PBXGroup;
			children = (
				EE1C490E1B56287F009C1304 /* Info.plist */,
			);
			name = "Supporting Files";
			sourceTree = "<group>";
		};
/* End PBXGroup section */

/* Begin PBXNativeTarget section */
		EE1C48FC1B56287E009C1304 /* PluginIgaworksCoupon */ = {
			isa = PBXNativeTarget;
			buildConfigurationList = EE1C49111B56287F009C1304 /* Build configuration list for PBXNativeTarget "PluginIgaworksCoupon" */;
			buildPhases = (
				EE1C48F91B56287E009C1304 /* Sources */,
				EE1C48FA1B56287E009C1304 /* Frameworks */,
				EE1C48FB1B56287E009C1304 /* CopyFiles */,
			);
			buildRules = (
			);
			dependencies = (
			);
			name = PluginIgaworksCoupon;
			productName = PluginIgaworksCoupon;
			productReference = EE1C48FD1B56287E009C1304 /* libPluginIgaworksCoupon.a */;
			productType = "com.apple.product-type.library.static";
		};
		EE1C49071B56287F009C1304 /* PluginIgaworksCouponTests */ = {
			isa = PBXNativeTarget;
			buildConfigurationList = EE1C49141B56287F009C1304 /* Build configuration list for PBXNativeTarget "PluginIgaworksCouponTests" */;
			buildPhases = (
				EE1C49041B56287F009C1304 /* Sources */,
				EE1C49051B56287F009C1304 /* Frameworks */,
				EE1C49061B56287F009C1304 /* Resources */,
			);
			buildRules = (
			);
			dependencies = (
				EE1C490B1B56287F009C1304 /* PBXTargetDependency */,
			);
			name = PluginIgaworksCouponTests;
			productName = PluginIgaworksCouponTests;
			productReference = EE1C49081B56287F009C1304 /* PluginIgaworksCouponTests.xctest */;
			productType = "com.apple.product-type.bundle.unit-test";
		};
/* End PBXNativeTarget section */

/* Begin PBXProject section */
		EE1C48F51B56287E009C1304 /* Project object */ = {
			isa = PBXProject;
			attributes = {
				LastUpgradeCheck = 0640;
				ORGANIZATIONNAME = "wonje,song";
				TargetAttributes = {
					EE1C48FC1B56287E009C1304 = {
						CreatedOnToolsVersion = 6.4;
					};
					EE1C49071B56287F009C1304 = {
						CreatedOnToolsVersion = 6.4;
					};
				};
			};
			buildConfigurationList = EE1C48F81B56287E009C1304 /* Build configuration list for PBXProject "PluginIgaworksCoupon" */;
			compatibilityVersion = "Xcode 3.2";
			developmentRegion = English;
			hasScannedForEncodings = 0;
			knownRegions = (
				en,
			);
			mainGroup = EE1C48F41B56287E009C1304;
			productRefGroup = EE1C48FE1B56287E009C1304 /* Products */;
			projectDirPath = "";
			projectRoot = "";
			targets = (
				EE1C48FC1B56287E009C1304 /* PluginIgaworksCoupon */,
				EE1C49071B56287F009C1304 /* PluginIgaworksCouponTests */,
			);
		};
/* End PBXProject section */

/* Begin PBXResourcesBuildPhase section */
		EE1C49061B56287F009C1304 /* Resources */ = {
			isa = PBXResourcesBuildPhase;
			buildActionMask = 2147483647;
			files = (
				EE1C491A1B5629F6009C1304 /* IgaworksCoupon.bundle in Resources */,
			);
			runOnlyForDeploymentPostprocessing = 0;
		};
/* End PBXResourcesBuildPhase section */

/* Begin PBXSourcesBuildPhase section */
		EE1C48F91B56287E009C1304 /* Sources */ = {
			isa = PBXSourcesBuildPhase;
			buildActionMask = 2147483647;
			files = (
				EE1C49031B56287E009C1304 /* PluginIgaworksCoupon.m in Sources */,
			);
			runOnlyForDeploymentPostprocessing = 0;
		};
		EE1C49041B56287F009C1304 /* Sources */ = {
			isa = PBXSourcesBuildPhase;
			buildActionMask = 2147483647;
			files = (
			);
			runOnlyForDeploymentPostprocessing = 0;
		};
/* End PBXSourcesBuildPhase section */

/* Begin PBXTargetDependency section */
		EE1C490B1B56287F009C1304 /* PBXTargetDependency */ = {
			isa = PBXTargetDependency;
			target = EE1C48FC1B56287E009C1304 /* PluginIgaworksCoupon */;
			targetProxy = EE1C490A1B56287F009C1304 /* PBXContainerItemProxy */;
		};
/* End PBXTargetDependency section */

/* Begin XCBuildConfiguration section */
		EE1C490F1B56287F009C1304 /* Debug */ = {
			isa = XCBuildConfiguration;
			buildSettings = {
				ALWAYS_SEARCH_USER_PATHS = NO;
				CLANG_CXX_LANGUAGE_STANDARD = "gnu++0x";
				CLANG_CXX_LIBRARY = "libc++";
				CLANG_ENABLE_MODULES = YES;
				CLANG_ENABLE_OBJC_ARC = YES;
				CLANG_WARN_BOOL_CONVERSION = YES;
				CLANG_WARN_CONSTANT_CONVERSION = YES;
				CLANG_WARN_DIRECT_OBJC_ISA_USAGE = YES_ERROR;
				CLANG_WARN_EMPTY_BODY = YES;
				CLANG_WARN_ENUM_CONVERSION = YES;
				CLANG_WARN_INT_CONVERSION = YES;
				CLANG_WARN_OBJC_ROOT_CLASS = YES_ERROR;
				CLANG_WARN_UNREACHABLE_CODE = YES;
				CLANG_WARN__DUPLICATE_METHOD_MATCH = YES;
				COPY_PHASE_STRIP = NO;
				DEBUG_INFORMATION_FORMAT = "dwarf-with-dsym";
				ENABLE_STRICT_OBJC_MSGSEND = YES;
				GCC_C_LANGUAGE_STANDARD = gnu99;
				GCC_DYNAMIC_NO_PIC = NO;
				GCC_NO_COMMON_BLOCKS = YES;
				GCC_OPTIMIZATION_LEVEL = 0;
				GCC_PREPROCESSOR_DEFINITIONS = (
					"DEBUG=1",
					"$(inherited)",
				);
				GCC_SYMBOLS_PRIVATE_EXTERN = NO;
				GCC_WARN_64_TO_32_BIT_CONVERSION = YES;
				GCC_WARN_ABOUT_RETURN_TYPE = YES_ERROR;
				GCC_WARN_UNDECLARED_SELECTOR = YES;
				GCC_WARN_UNINITIALIZED_AUTOS = YES_AGGRESSIVE;
				GCC_WARN_UNUSED_FUNCTION = YES;
				GCC_WARN_UNUSED_VARIABLE = YES;
				IPHONEOS_DEPLOYMENT_TARGET = 8.4;
				MTL_ENABLE_DEBUG_INFO = YES;
				ONLY_ACTIVE_ARCH = YES;
				SDKROOT = iphoneos;
			};
			name = Debug;
		};
		EE1C49101B56287F009C1304 /* Release */ = {
			isa = XCBuildConfiguration;
			buildSettings = {
				ALWAYS_SEARCH_USER_PATHS = NO;
				CLANG_CXX_LANGUAGE_STANDARD = "gnu++0x";
				CLANG_CXX_LIBRARY = "libc++";
				CLANG_ENABLE_MODULES = YES;
				CLANG_ENABLE_OBJC_ARC = YES;
				CLANG_WARN_BOOL_CONVERSION = YES;
				CLANG_WARN_CONSTANT_CONVERSION = YES;
				CLANG_WARN_DIRECT_OBJC_ISA_USAGE = YES_ERROR;
				CLANG_WARN_EMPTY_BODY = YES;
				CLANG_WARN_ENUM_CONVERSION = YES;
				CLANG_WARN_INT_CONVERSION = YES;
				CLANG_WARN_OBJC_ROOT_CLASS = YES_ERROR;
				CLANG_WARN_UNREACHABLE_CODE = YES;
				CLANG_WARN__DUPLICATE_METHOD_MATCH = YES;
				COPY_PHASE_STRIP = NO;
				DEBUG_INFORMATION_FORMAT = "dwarf-with-dsym";
				ENABLE_NS_ASSERTIONS = NO;
				ENABLE_STRICT_OBJC_MSGSEND = YES;
				GCC_C_LANGUAGE_STANDARD = gnu99;
				GCC_NO_COMMON_BLOCKS = YES;
				GCC_WARN_64_TO_32_BIT_CONVERSION = YES;
				GCC_WARN_ABOUT_RETURN_TYPE = YES_ERROR;
				GCC_WARN_UNDECLARED_SELECTOR = YES;
				GCC_WARN_UNINITIALIZED_AUTOS = YES_AGGRESSIVE;
				GCC_WARN_UNUSED_FUNCTION = YES;
				GCC_WARN_UNUSED_VARIABLE = YES;
				IPHONEOS_DEPLOYMENT_TARGET = 8.4;
				MTL_ENABLE_DEBUG_INFO = NO;
				SDKROOT = iphoneos;
				VALIDATE_PRODUCT = YES;
			};
			name = Release;
		};
		EE1C49121B56287F009C1304 /* Debug */ = {
			isa = XCBuildConfiguration;
			buildSettings = {
				FRAMEWORK_SEARCH_PATHS = (
					"$(inherited)",
					"$(SRCROOT)/../",
				);
				HEADER_SEARCH_PATHS = (
					"$(inherited)",
					/Applications/Xcode.app/Contents/Developer/Toolchains/XcodeDefault.xctoolchain/usr/include,
					"$(SRCROOT)/../../../../protocols/platform/ios",
				);
				OTHER_LDFLAGS = "-ObjC";
				PRODUCT_NAME = "$(TARGET_NAME)";
				SKIP_INSTALL = YES;
			};
			name = Debug;
		};
		EE1C49131B56287F009C1304 /* Release */ = {
			isa = XCBuildConfiguration;
			buildSettings = {
				FRAMEWORK_SEARCH_PATHS = (
					"$(inherited)",
					"$(SRCROOT)/../",
				);
				HEADER_SEARCH_PATHS = (
					"$(inherited)",
					/Applications/Xcode.app/Contents/Developer/Toolchains/XcodeDefault.xctoolchain/usr/include,
					"$(SRCROOT)/../../../../protocols/platform/ios",
				);
				OTHER_LDFLAGS = "-ObjC";
				PRODUCT_NAME = "$(TARGET_NAME)";
				SKIP_INSTALL = YES;
			};
			name = Release;
		};
		EE1C49151B56287F009C1304 /* Debug */ = {
			isa = XCBuildConfiguration;
			buildSettings = {
				"CODE_SIGN_IDENTITY[sdk=iphoneos*]" = "iPhone Developer";
				FRAMEWORK_SEARCH_PATHS = (
					"$(SDKROOT)/Developer/Library/Frameworks",
					"$(inherited)",
				);
				GCC_PREPROCESSOR_DEFINITIONS = (
					"DEBUG=1",
					"$(inherited)",
				);
				INFOPLIST_FILE = PluginIgaworksCouponTests/Info.plist;
				LD_RUNPATH_SEARCH_PATHS = "$(inherited) @executable_path/Frameworks @loader_path/Frameworks";
				PRODUCT_NAME = "$(TARGET_NAME)";
			};
			name = Debug;
		};
		EE1C49161B56287F009C1304 /* Release */ = {
			isa = XCBuildConfiguration;
			buildSettings = {
				"CODE_SIGN_IDENTITY[sdk=iphoneos*]" = "iPhone Developer";
				FRAMEWORK_SEARCH_PATHS = (
					"$(SDKROOT)/Developer/Library/Frameworks",
					"$(inherited)",
				);
				INFOPLIST_FILE = PluginIgaworksCouponTests/Info.plist;
				LD_RUNPATH_SEARCH_PATHS = "$(inherited) @executable_path/Frameworks @loader_path/Frameworks";
				PRODUCT_NAME = "$(TARGET_NAME)";
			};
			name = Release;
		};
/* End XCBuildConfiguration section */

/* Begin XCConfigurationList section */
		EE1C48F81B56287E009C1304 /* Build configuration list for PBXProject "PluginIgaworksCoupon" */ = {
			isa = XCConfigurationList;
			buildConfigurations = (
				EE1C490F1B56287F009C1304 /* Debug */,
				EE1C49101B56287F009C1304 /* Release */,
			);
			defaultConfigurationIsVisible = 0;
			defaultConfigurationName = Release;
		};
		EE1C49111B56287F009C1304 /* Build configuration list for PBXNativeTarget "PluginIgaworksCoupon" */ = {
			isa = XCConfigurationList;
			buildConfigurations = (
				EE1C49121B56287F009C1304 /* Debug */,
				EE1C49131B56287F009C1304 /* Release */,
			);
			defaultConfigurationIsVisible = 0;
		};
		EE1C49141B56287F009C1304 /* Build configuration list for PBXNativeTarget "PluginIgaworksCouponTests" */ = {
			isa = XCConfigurationList;
			buildConfigurations = (
				EE1C49151B56287F009C1304 /* Debug */,
				EE1C49161B56287F009C1304 /* Release */,
			);
			defaultConfigurationIsVisible = 0;
		};
/* End XCConfigurationList section */
	};
	rootObject = EE1C48F51B56287E009C1304 /* Project object */;
}
