// !$*UTF8*$!
{
	archiveVersion = 1;
	classes = {
	};
	objectVersion = 48;
	objects = {

/* Begin PBXBuildFile section */
		1351466A206C7FED00D489CF /* MainController.swift in Sources */ = {isa = PBXBuildFile; fileRef = 13514669206C7FED00D489CF /* MainController.swift */; };
		13EE5DFE2064E379008A81E0 /* AppDelegate.swift in Sources */ = {isa = PBXBuildFile; fileRef = 13EE5DFD2064E379008A81E0 /* AppDelegate.swift */; };
		13EE5E032064E379008A81E0 /* Main.storyboard in Resources */ = {isa = PBXBuildFile; fileRef = 13EE5E012064E379008A81E0 /* Main.storyboard */; };
		13EE5E052064E379008A81E0 /* Assets.xcassets in Resources */ = {isa = PBXBuildFile; fileRef = 13EE5E042064E379008A81E0 /* Assets.xcassets */; };
		13EE5E082064E379008A81E0 /* LaunchScreen.storyboard in Resources */ = {isa = PBXBuildFile; fileRef = 13EE5E062064E379008A81E0 /* LaunchScreen.storyboard */; };
		E5F269ECBC4DD155EA8A95B0 /* libPods-TestApp-IOS-Abx-RemasterSwift-forCocoaPod.a in Frameworks */ = {isa = PBXBuildFile; fileRef = FED0F5C5D222222F1A12A4D7 /* libPods-TestApp-IOS-Abx-RemasterSwift-forCocoaPod.a */; };
/* End PBXBuildFile section */

/* Begin PBXFileReference section */
		13514669206C7FED00D489CF /* MainController.swift */ = {isa = PBXFileReference; fileEncoding = 4; lastKnownFileType = sourcecode.swift; path = MainController.swift; sourceTree = "<group>"; };
		13EE5DFA2064E379008A81E0 /* TestApp-IOS-Abx-RemasterSwift-forCocoaPod.app */ = {isa = PBXFileReference; explicitFileType = wrapper.application; includeInIndex = 0; path = "TestApp-IOS-Abx-RemasterSwift-forCocoaPod.app"; sourceTree = BUILT_PRODUCTS_DIR; };
		13EE5DFD2064E379008A81E0 /* AppDelegate.swift */ = {isa = PBXFileReference; lastKnownFileType = sourcecode.swift; path = AppDelegate.swift; sourceTree = "<group>"; };
		13EE5E022064E379008A81E0 /* Base */ = {isa = PBXFileReference; lastKnownFileType = file.storyboard; name = Base; path = Base.lproj/Main.storyboard; sourceTree = "<group>"; };
		13EE5E042064E379008A81E0 /* Assets.xcassets */ = {isa = PBXFileReference; lastKnownFileType = folder.assetcatalog; path = Assets.xcassets; sourceTree = "<group>"; };
		13EE5E072064E379008A81E0 /* Base */ = {isa = PBXFileReference; lastKnownFileType = file.storyboard; name = Base; path = Base.lproj/LaunchScreen.storyboard; sourceTree = "<group>"; };
		13EE5E092064E379008A81E0 /* Info.plist */ = {isa = PBXFileReference; lastKnownFileType = text.plist.xml; path = Info.plist; sourceTree = "<group>"; };
		4EB05B05C6EB568150B03671 /* Pods-TestApp-IOS-Abx-RemasterSwift-forCocoaPod.release.xcconfig */ = {isa = PBXFileReference; includeInIndex = 1; lastKnownFileType = text.xcconfig; name = "Pods-TestApp-IOS-Abx-RemasterSwift-forCocoaPod.release.xcconfig"; path = "Pods/Target Support Files/Pods-TestApp-IOS-Abx-RemasterSwift-forCocoaPod/Pods-TestApp-IOS-Abx-RemasterSwift-forCocoaPod.release.xcconfig"; sourceTree = "<group>"; };
		5DC01F922C6738CF1D750EA1 /* Pods-TestApp-IOS-Abx-RemasterSwift-forCocoaPod.debug.xcconfig */ = {isa = PBXFileReference; includeInIndex = 1; lastKnownFileType = text.xcconfig; name = "Pods-TestApp-IOS-Abx-RemasterSwift-forCocoaPod.debug.xcconfig"; path = "Pods/Target Support Files/Pods-TestApp-IOS-Abx-RemasterSwift-forCocoaPod/Pods-TestApp-IOS-Abx-RemasterSwift-forCocoaPod.debug.xcconfig"; sourceTree = "<group>"; };
		8A50CB87CCE920A764AC1B6B38C0660A /* AdBrixRM.framework */ = {isa = PBXFileReference; lastKnownFileType = wrapper.framework; path = AdBrixRM.framework; sourceTree = "<group>"; };
		FED0F5C5D222222F1A12A4D7 /* libPods-TestApp-IOS-Abx-RemasterSwift-forCocoaPod.a */ = {isa = PBXFileReference; explicitFileType = archive.ar; includeInIndex = 0; path = "libPods-TestApp-IOS-Abx-RemasterSwift-forCocoaPod.a"; sourceTree = BUILT_PRODUCTS_DIR; };
/* End PBXFileReference section */

/* Begin PBXFrameworksBuildPhase section */
		13EE5DF72064E379008A81E0 /* Frameworks */ = {
			isa = PBXFrameworksBuildPhase;
			buildActionMask = 2147483647;
			files = (
				E5F269ECBC4DD155EA8A95B0 /* libPods-TestApp-IOS-Abx-RemasterSwift-forCocoaPod.a in Frameworks */,
			);
			runOnlyForDeploymentPostprocessing = 0;
		};
/* End PBXFrameworksBuildPhase section */

/* Begin PBXGroup section */
		1392820E21F05D590087394D /* Recovered References */ = {
			isa = PBXGroup;
			children = (
				8A50CB87CCE920A764AC1B6B38C0660A /* AdBrixRM.framework */,
			);
			name = "Recovered References";
			sourceTree = "<group>";
		};
		13EE5DF12064E379008A81E0 = {
			isa = PBXGroup;
			children = (
				13EE5DFC2064E379008A81E0 /* TestApp-IOS-Abx-RemasterSwift-forCocoaPod */,
				13EE5DFB2064E379008A81E0 /* Products */,
				28BBAD50B8091449A76D311A /* Pods */,
				CEEBBD4680539DF6D589583B /* Frameworks */,
				1392820E21F05D590087394D /* Recovered References */,
			);
			sourceTree = "<group>";
		};
		13EE5DFB2064E379008A81E0 /* Products */ = {
			isa = PBXGroup;
			children = (
				13EE5DFA2064E379008A81E0 /* TestApp-IOS-Abx-RemasterSwift-forCocoaPod.app */,
			);
			name = Products;
			sourceTree = "<group>";
		};
		13EE5DFC2064E379008A81E0 /* TestApp-IOS-Abx-RemasterSwift-forCocoaPod */ = {
			isa = PBXGroup;
			children = (
				13514669206C7FED00D489CF /* MainController.swift */,
				13EE5DFD2064E379008A81E0 /* AppDelegate.swift */,
				13EE5E012064E379008A81E0 /* Main.storyboard */,
				13EE5E042064E379008A81E0 /* Assets.xcassets */,
				13EE5E062064E379008A81E0 /* LaunchScreen.storyboard */,
				13EE5E092064E379008A81E0 /* Info.plist */,
			);
			path = "TestApp-IOS-Abx-RemasterSwift-forCocoaPod";
			sourceTree = "<group>";
		};
		28BBAD50B8091449A76D311A /* Pods */ = {
			isa = PBXGroup;
			children = (
				5DC01F922C6738CF1D750EA1 /* Pods-TestApp-IOS-Abx-RemasterSwift-forCocoaPod.debug.xcconfig */,
				4EB05B05C6EB568150B03671 /* Pods-TestApp-IOS-Abx-RemasterSwift-forCocoaPod.release.xcconfig */,
			);
			name = Pods;
			sourceTree = "<group>";
		};
		CEEBBD4680539DF6D589583B /* Frameworks */ = {
			isa = PBXGroup;
			children = (
				FED0F5C5D222222F1A12A4D7 /* libPods-TestApp-IOS-Abx-RemasterSwift-forCocoaPod.a */,
			);
			name = Frameworks;
			sourceTree = "<group>";
		};
/* End PBXGroup section */

/* Begin PBXNativeTarget section */
		13EE5DF92064E379008A81E0 /* TestApp-IOS-Abx-RemasterSwift-forCocoaPod */ = {
			isa = PBXNativeTarget;
			buildConfigurationList = 13EE5E0C2064E379008A81E0 /* Build configuration list for PBXNativeTarget "TestApp-IOS-Abx-RemasterSwift-forCocoaPod" */;
			buildPhases = (
				39D0C9F52352826B0C01E480 /* [CP] Check Pods Manifest.lock */,
				13EE5DF62064E379008A81E0 /* Sources */,
				13EE5DF72064E379008A81E0 /* Frameworks */,
				13EE5DF82064E379008A81E0 /* Resources */,
				E5D3322AEB5CDCC40AE84239 /* [CP] Embed Pods Frameworks */,
			);
			buildRules = (
			);
			dependencies = (
			);
			name = "TestApp-IOS-Abx-RemasterSwift-forCocoaPod";
			productName = "TestApp-IOS-Abx-RemasterSwift-forCocoaPod";
			productReference = 13EE5DFA2064E379008A81E0 /* TestApp-IOS-Abx-RemasterSwift-forCocoaPod.app */;
			productType = "com.apple.product-type.application";
		};
/* End PBXNativeTarget section */

/* Begin PBXProject section */
		13EE5DF22064E379008A81E0 /* Project object */ = {
			isa = PBXProject;
			attributes = {
				LastSwiftUpdateCheck = 0920;
				LastUpgradeCheck = 0920;
				ORGANIZATIONNAME = igaworks;
				TargetAttributes = {
					13EE5DF92064E379008A81E0 = {
						CreatedOnToolsVersion = 9.2;
						ProvisioningStyle = Automatic;
					};
				};
			};
			buildConfigurationList = 13EE5DF52064E379008A81E0 /* Build configuration list for PBXProject "TestApp-IOS-Abx-RemasterSwift-forCocoaPod" */;
			compatibilityVersion = "Xcode 8.0";
			developmentRegion = en;
			hasScannedForEncodings = 0;
			knownRegions = (
				en,
				Base,
			);
			mainGroup = 13EE5DF12064E379008A81E0;
			productRefGroup = 13EE5DFB2064E379008A81E0 /* Products */;
			projectDirPath = "";
			projectRoot = "";
			targets = (
				13EE5DF92064E379008A81E0 /* TestApp-IOS-Abx-RemasterSwift-forCocoaPod */,
			);
		};
/* End PBXProject section */

/* Begin PBXResourcesBuildPhase section */
		13EE5DF82064E379008A81E0 /* Resources */ = {
			isa = PBXResourcesBuildPhase;
			buildActionMask = 2147483647;
			files = (
				13EE5E082064E379008A81E0 /* LaunchScreen.storyboard in Resources */,
				13EE5E052064E379008A81E0 /* Assets.xcassets in Resources */,
				13EE5E032064E379008A81E0 /* Main.storyboard in Resources */,
			);
			runOnlyForDeploymentPostprocessing = 0;
		};
/* End PBXResourcesBuildPhase section */

/* Begin PBXShellScriptBuildPhase section */
		39D0C9F52352826B0C01E480 /* [CP] Check Pods Manifest.lock */ = {
			isa = PBXShellScriptBuildPhase;
			buildActionMask = 2147483647;
			files = (
			);
			inputPaths = (
				"${PODS_PODFILE_DIR_PATH}/Podfile.lock",
				"${PODS_ROOT}/Manifest.lock",
			);
			name = "[CP] Check Pods Manifest.lock";
			outputPaths = (
				"$(DERIVED_FILE_DIR)/Pods-TestApp-IOS-Abx-RemasterSwift-forCocoaPod-checkManifestLockResult.txt",
			);
			runOnlyForDeploymentPostprocessing = 0;
			shellPath = /bin/sh;
			shellScript = "diff \"${PODS_PODFILE_DIR_PATH}/Podfile.lock\" \"${PODS_ROOT}/Manifest.lock\" > /dev/null\nif [ $? != 0 ] ; then\n    # print error to STDERR\n    echo \"error: The sandbox is not in sync with the Podfile.lock. Run 'pod install' or update your CocoaPods installation.\" >&2\n    exit 1\nfi\n# This output is used by Xcode 'outputs' to avoid re-running this script phase.\necho \"SUCCESS\" > \"${SCRIPT_OUTPUT_FILE_0}\"\n";
			showEnvVarsInLog = 0;
		};
		E5D3322AEB5CDCC40AE84239 /* [CP] Embed Pods Frameworks */ = {
			isa = PBXShellScriptBuildPhase;
			buildActionMask = 2147483647;
			files = (
			);
			inputPaths = (
				"${PODS_ROOT}/Target Support Files/Pods-TestApp-IOS-Abx-RemasterSwift-forCocoaPod/Pods-TestApp-IOS-Abx-RemasterSwift-forCocoaPod-frameworks.sh",
				"${PODS_ROOT}/AdBrixRemastered/AdBrixRM.framework",
			);
			name = "[CP] Embed Pods Frameworks";
			outputPaths = (
				"${TARGET_BUILD_DIR}/${FRAMEWORKS_FOLDER_PATH}/AdBrixRM.framework",
			);
			runOnlyForDeploymentPostprocessing = 0;
			shellPath = /bin/sh;
			shellScript = "\"${PODS_ROOT}/Target Support Files/Pods-TestApp-IOS-Abx-RemasterSwift-forCocoaPod/Pods-TestApp-IOS-Abx-RemasterSwift-forCocoaPod-frameworks.sh\"\n";
			showEnvVarsInLog = 0;
		};
/* End PBXShellScriptBuildPhase section */

/* Begin PBXSourcesBuildPhase section */
		13EE5DF62064E379008A81E0 /* Sources */ = {
			isa = PBXSourcesBuildPhase;
			buildActionMask = 2147483647;
			files = (
				1351466A206C7FED00D489CF /* MainController.swift in Sources */,
				13EE5DFE2064E379008A81E0 /* AppDelegate.swift in Sources */,
			);
			runOnlyForDeploymentPostprocessing = 0;
		};
/* End PBXSourcesBuildPhase section */

/* Begin PBXVariantGroup section */
		13EE5E012064E379008A81E0 /* Main.storyboard */ = {
			isa = PBXVariantGroup;
			children = (
				13EE5E022064E379008A81E0 /* Base */,
			);
			name = Main.storyboard;
			sourceTree = "<group>";
		};
		13EE5E062064E379008A81E0 /* LaunchScreen.storyboard */ = {
			isa = PBXVariantGroup;
			children = (
				13EE5E072064E379008A81E0 /* Base */,
			);
			name = LaunchScreen.storyboard;
			sourceTree = "<group>";
		};
/* End PBXVariantGroup section */

/* Begin XCBuildConfiguration section */
		13EE5E0A2064E379008A81E0 /* Debug */ = {
			isa = XCBuildConfiguration;
			buildSettings = {
				ALWAYS_SEARCH_USER_PATHS = NO;
				CLANG_ANALYZER_NONNULL = YES;
				CLANG_ANALYZER_NUMBER_OBJECT_CONVERSION = YES_AGGRESSIVE;
				CLANG_CXX_LANGUAGE_STANDARD = "gnu++14";
				CLANG_CXX_LIBRARY = "libc++";
				CLANG_ENABLE_MODULES = YES;
				CLANG_ENABLE_OBJC_ARC = YES;
				CLANG_WARN_BLOCK_CAPTURE_AUTORELEASING = YES;
				CLANG_WARN_BOOL_CONVERSION = YES;
				CLANG_WARN_COMMA = YES;
				CLANG_WARN_CONSTANT_CONVERSION = YES;
				CLANG_WARN_DIRECT_OBJC_ISA_USAGE = YES_ERROR;
				CLANG_WARN_DOCUMENTATION_COMMENTS = YES;
				CLANG_WARN_EMPTY_BODY = YES;
				CLANG_WARN_ENUM_CONVERSION = YES;
				CLANG_WARN_INFINITE_RECURSION = YES;
				CLANG_WARN_INT_CONVERSION = YES;
				CLANG_WARN_NON_LITERAL_NULL_CONVERSION = YES;
				CLANG_WARN_OBJC_LITERAL_CONVERSION = YES;
				CLANG_WARN_OBJC_ROOT_CLASS = YES_ERROR;
				CLANG_WARN_RANGE_LOOP_ANALYSIS = YES;
				CLANG_WARN_STRICT_PROTOTYPES = YES;
				CLANG_WARN_SUSPICIOUS_MOVE = YES;
				CLANG_WARN_UNGUARDED_AVAILABILITY = YES_AGGRESSIVE;
				CLANG_WARN_UNREACHABLE_CODE = YES;
				CLANG_WARN__DUPLICATE_METHOD_MATCH = YES;
				CODE_SIGN_IDENTITY = "iPhone Developer";
				COPY_PHASE_STRIP = NO;
				DEBUG_INFORMATION_FORMAT = dwarf;
				ENABLE_STRICT_OBJC_MSGSEND = YES;
				ENABLE_TESTABILITY = YES;
				GCC_C_LANGUAGE_STANDARD = gnu11;
				GCC_DYNAMIC_NO_PIC = NO;
				GCC_NO_COMMON_BLOCKS = YES;
				GCC_OPTIMIZATION_LEVEL = 0;
				GCC_PREPROCESSOR_DEFINITIONS = (
					"DEBUG=1",
					"$(inherited)",
				);
				GCC_WARN_64_TO_32_BIT_CONVERSION = YES;
				GCC_WARN_ABOUT_RETURN_TYPE = YES_ERROR;
				GCC_WARN_UNDECLARED_SELECTOR = YES;
				GCC_WARN_UNINITIALIZED_AUTOS = YES_AGGRESSIVE;
				GCC_WARN_UNUSED_FUNCTION = YES;
				GCC_WARN_UNUSED_VARIABLE = YES;
				IPHONEOS_DEPLOYMENT_TARGET = 11.2;
				MTL_ENABLE_DEBUG_INFO = YES;
				ONLY_ACTIVE_ARCH = YES;
				SDKROOT = iphoneos;
				SWIFT_ACTIVE_COMPILATION_CONDITIONS = DEBUG;
				SWIFT_OPTIMIZATION_LEVEL = "-Onone";
			};
			name = Debug;
		};
		13EE5E0B2064E379008A81E0 /* Release */ = {
			isa = XCBuildConfiguration;
			buildSettings = {
				ALWAYS_SEARCH_USER_PATHS = NO;
				CLANG_ANALYZER_NONNULL = YES;
				CLANG_ANALYZER_NUMBER_OBJECT_CONVERSION = YES_AGGRESSIVE;
				CLANG_CXX_LANGUAGE_STANDARD = "gnu++14";
				CLANG_CXX_LIBRARY = "libc++";
				CLANG_ENABLE_MODULES = YES;
				CLANG_ENABLE_OBJC_ARC = YES;
				CLANG_WARN_BLOCK_CAPTURE_AUTORELEASING = YES;
				CLANG_WARN_BOOL_CONVERSION = YES;
				CLANG_WARN_COMMA = YES;
				CLANG_WARN_CONSTANT_CONVERSION = YES;
				CLANG_WARN_DIRECT_OBJC_ISA_USAGE = YES_ERROR;
				CLANG_WARN_DOCUMENTATION_COMMENTS = YES;
				CLANG_WARN_EMPTY_BODY = YES;
				CLANG_WARN_ENUM_CONVERSION = YES;
				CLANG_WARN_INFINITE_RECURSION = YES;
				CLANG_WARN_INT_CONVERSION = YES;
				CLANG_WARN_NON_LITERAL_NULL_CONVERSION = YES;
				CLANG_WARN_OBJC_LITERAL_CONVERSION = YES;
				CLANG_WARN_OBJC_ROOT_CLASS = YES_ERROR;
				CLANG_WARN_RANGE_LOOP_ANALYSIS = YES;
				CLANG_WARN_STRICT_PROTOTYPES = YES;
				CLANG_WARN_SUSPICIOUS_MOVE = YES;
				CLANG_WARN_UNGUARDED_AVAILABILITY = YES_AGGRESSIVE;
				CLANG_WARN_UNREACHABLE_CODE = YES;
				CLANG_WARN__DUPLICATE_METHOD_MATCH = YES;
				CODE_SIGN_IDENTITY = "iPhone Developer";
				COPY_PHASE_STRIP = NO;
				DEBUG_INFORMATION_FORMAT = "dwarf-with-dsym";
				ENABLE_NS_ASSERTIONS = NO;
				ENABLE_STRICT_OBJC_MSGSEND = YES;
				GCC_C_LANGUAGE_STANDARD = gnu11;
				GCC_NO_COMMON_BLOCKS = YES;
				GCC_WARN_64_TO_32_BIT_CONVERSION = YES;
				GCC_WARN_ABOUT_RETURN_TYPE = YES_ERROR;
				GCC_WARN_UNDECLARED_SELECTOR = YES;
				GCC_WARN_UNINITIALIZED_AUTOS = YES_AGGRESSIVE;
				GCC_WARN_UNUSED_FUNCTION = YES;
				GCC_WARN_UNUSED_VARIABLE = YES;
				IPHONEOS_DEPLOYMENT_TARGET = 11.2;
				MTL_ENABLE_DEBUG_INFO = NO;
				SDKROOT = iphoneos;
				SWIFT_OPTIMIZATION_LEVEL = "-Owholemodule";
				VALIDATE_PRODUCT = YES;
			};
			name = Release;
		};
		13EE5E0D2064E379008A81E0 /* Debug */ = {
			isa = XCBuildConfiguration;
			baseConfigurationReference = 5DC01F922C6738CF1D750EA1 /* Pods-TestApp-IOS-Abx-RemasterSwift-forCocoaPod.debug.xcconfig */;
			buildSettings = {
				ASSETCATALOG_COMPILER_APPICON_NAME = AppIcon;
				CODE_SIGN_STYLE = Automatic;
				DEVELOPMENT_TEAM = 6UFX7ZBPC3;
				ENABLE_BITCODE = NO;
				FRAMEWORK_SEARCH_PATHS = (
					"$(inherited)",
					"$(PROJECT_DIR)/Pods/AdBrixRemastered",
				);
				INFOPLIST_FILE = "TestApp-IOS-Abx-RemasterSwift-forCocoaPod/Info.plist";
				IPHONEOS_DEPLOYMENT_TARGET = 10.3;
				LD_RUNPATH_SEARCH_PATHS = "$(inherited) @executable_path/Frameworks";
				OTHER_CFLAGS = (
					"$(inherited)",
					"-isystem",
					"\"${PODS_ROOT}/Headers/Public\"",
					"-isystem",
					"\"${PODS_ROOT}/Headers/Public/AdBrixRemastered\"",
				);
				OTHER_LDFLAGS = (
					"$(inherited)",
					"-ObjC",
					"-all_load",
				);
				PRODUCT_BUNDLE_IDENTIFIER = "com.igaworks.TestApp-IOS-Abx-RemasterSwift-forCocoaPod";
				PRODUCT_NAME = "$(TARGET_NAME)";
				SWIFT_VERSION = 4.0;
				TARGETED_DEVICE_FAMILY = "1,2";
			};
			name = Debug;
		};
		13EE5E0E2064E379008A81E0 /* Release */ = {
			isa = XCBuildConfiguration;
			baseConfigurationReference = 4EB05B05C6EB568150B03671 /* Pods-TestApp-IOS-Abx-RemasterSwift-forCocoaPod.release.xcconfig */;
			buildSettings = {
				ASSETCATALOG_COMPILER_APPICON_NAME = AppIcon;
				CODE_SIGN_STYLE = Automatic;
				DEVELOPMENT_TEAM = 6UFX7ZBPC3;
				ENABLE_BITCODE = NO;
				FRAMEWORK_SEARCH_PATHS = (
					"$(inherited)",
					"$(PROJECT_DIR)/Pods/AdBrixRemastered",
				);
				INFOPLIST_FILE = "TestApp-IOS-Abx-RemasterSwift-forCocoaPod/Info.plist";
				IPHONEOS_DEPLOYMENT_TARGET = 10.3;
				LD_RUNPATH_SEARCH_PATHS = "$(inherited) @executable_path/Frameworks";
				OTHER_CFLAGS = (
					"$(inherited)",
					"-isystem",
					"\"${PODS_ROOT}/Headers/Public\"",
					"-isystem",
					"\"${PODS_ROOT}/Headers/Public/AdBrixRemastered\"",
				);
				OTHER_LDFLAGS = (
					"$(inherited)",
					"-ObjC",
					"-all_load",
				);
				PRODUCT_BUNDLE_IDENTIFIER = "com.igaworks.TestApp-IOS-Abx-RemasterSwift-forCocoaPod";
				PRODUCT_NAME = "$(TARGET_NAME)";
				SWIFT_VERSION = 4.0;
				TARGETED_DEVICE_FAMILY = "1,2";
			};
			name = Release;
		};
/* End XCBuildConfiguration section */

/* Begin XCConfigurationList section */
		13EE5DF52064E379008A81E0 /* Build configuration list for PBXProject "TestApp-IOS-Abx-RemasterSwift-forCocoaPod" */ = {
			isa = XCConfigurationList;
			buildConfigurations = (
				13EE5E0A2064E379008A81E0 /* Debug */,
				13EE5E0B2064E379008A81E0 /* Release */,
			);
			defaultConfigurationIsVisible = 0;
			defaultConfigurationName = Release;
		};
		13EE5E0C2064E379008A81E0 /* Build configuration list for PBXNativeTarget "TestApp-IOS-Abx-RemasterSwift-forCocoaPod" */ = {
			isa = XCConfigurationList;
			buildConfigurations = (
				13EE5E0D2064E379008A81E0 /* Debug */,
				13EE5E0E2064E379008A81E0 /* Release */,
			);
			defaultConfigurationIsVisible = 0;
			defaultConfigurationName = Release;
		};
/* End XCConfigurationList section */
	};
	rootObject = 13EE5DF22064E379008A81E0 /* Project object */;
}
