// !$*UTF8*$!
{
	archiveVersion = 1;
	classes = {
	};
	objectVersion = 50;
	objects = {

/* Begin PBXBuildFile section */
		132D58C72150EB0C000FC074 /* AppDelegate.swift in Sources */ = {isa = PBXBuildFile; fileRef = 132D58C62150EB0C000FC074 /* AppDelegate.swift */; };
		132D58C92150EB0C000FC074 /* ViewController.swift in Sources */ = {isa = PBXBuildFile; fileRef = 132D58C82150EB0C000FC074 /* ViewController.swift */; };
		132D58CC2150EB0C000FC074 /* Main.storyboard in Resources */ = {isa = PBXBuildFile; fileRef = 132D58CA2150EB0C000FC074 /* Main.storyboard */; };
		132D58CF2150EB0C000FC074 /* TestApp_IOS_Abx_RemasterHyBrid.xcdatamodeld in Sources */ = {isa = PBXBuildFile; fileRef = 132D58CD2150EB0C000FC074 /* TestApp_IOS_Abx_RemasterHyBrid.xcdatamodeld */; };
		132D58D12150EB0D000FC074 /* Assets.xcassets in Resources */ = {isa = PBXBuildFile; fileRef = 132D58D02150EB0D000FC074 /* Assets.xcassets */; };
		132D58D42150EB0E000FC074 /* LaunchScreen.storyboard in Resources */ = {isa = PBXBuildFile; fileRef = 132D58D22150EB0E000FC074 /* LaunchScreen.storyboard */; };
		132D58DF2150EB7D000FC074 /* AdBrixRMSampleObjC.m in Sources */ = {isa = PBXBuildFile; fileRef = 132D58DE2150EB7D000FC074 /* AdBrixRMSampleObjC.m */; };
		132D58F02150EC2F000FC074 /* IgaworksCore.framework in Frameworks */ = {isa = PBXBuildFile; fileRef = 132D58ED2150EC2F000FC074 /* IgaworksCore.framework */; };
		132D58F22150EC2F000FC074 /* AdBrix.framework in Frameworks */ = {isa = PBXBuildFile; fileRef = 132D58EF2150EC2F000FC074 /* AdBrix.framework */; };
		132D58F42150EC39000FC074 /* AdBrixRM.framework in Embed Frameworks */ = {isa = PBXBuildFile; fileRef = 132D58EE2150EC2F000FC074 /* AdBrixRM.framework */; settings = {ATTRIBUTES = (CodeSignOnCopy, RemoveHeadersOnCopy, ); }; };
		132D58F82150ED0E000FC074 /* MessageUI.framework in Frameworks */ = {isa = PBXBuildFile; fileRef = 132D58F72150ED0E000FC074 /* MessageUI.framework */; };
		132D58FA2150ED13000FC074 /* CoreText.framework in Frameworks */ = {isa = PBXBuildFile; fileRef = 132D58F92150ED13000FC074 /* CoreText.framework */; };
		132D58FC2150ED1A000FC074 /* Security.framework in Frameworks */ = {isa = PBXBuildFile; fileRef = 132D58FB2150ED1A000FC074 /* Security.framework */; };
		132D58FF2150ED24000FC074 /* iAd.framework in Frameworks */ = {isa = PBXBuildFile; fileRef = 132D58FD2150ED24000FC074 /* iAd.framework */; };
		132D59002150ED24000FC074 /* AdSupport.framework in Frameworks */ = {isa = PBXBuildFile; fileRef = 132D58FE2150ED24000FC074 /* AdSupport.framework */; };
		132D59022150ED2A000FC074 /* UIKit.framework in Frameworks */ = {isa = PBXBuildFile; fileRef = 132D59012150ED29000FC074 /* UIKit.framework */; };
		132D59042150ED2F000FC074 /* SystemConfiguration.framework in Frameworks */ = {isa = PBXBuildFile; fileRef = 132D59032150ED2F000FC074 /* SystemConfiguration.framework */; };
		132D59062150ED38000FC074 /* CoreTelephony.framework in Frameworks */ = {isa = PBXBuildFile; fileRef = 132D59052150ED38000FC074 /* CoreTelephony.framework */; };
		132D59082150ED44000FC074 /* libxml2.tbd in Frameworks */ = {isa = PBXBuildFile; fileRef = 132D59072150ED44000FC074 /* libxml2.tbd */; };
		132D590A2150F958000FC074 /* Utils.m in Sources */ = {isa = PBXBuildFile; fileRef = 132D59092150F958000FC074 /* Utils.m */; };
		132D590D2151F5B1000FC074 /* Constants.swift in Sources */ = {isa = PBXBuildFile; fileRef = 132D590C2151F5B1000FC074 /* Constants.swift */; };
/* End PBXBuildFile section */

/* Begin PBXCopyFilesBuildPhase section */
		132D58F52150EC39000FC074 /* Embed Frameworks */ = {
			isa = PBXCopyFilesBuildPhase;
			buildActionMask = 2147483647;
			dstPath = "";
			dstSubfolderSpec = 10;
			files = (
				132D58F42150EC39000FC074 /* AdBrixRM.framework in Embed Frameworks */,
			);
			name = "Embed Frameworks";
			runOnlyForDeploymentPostprocessing = 0;
		};
/* End PBXCopyFilesBuildPhase section */

/* Begin PBXFileReference section */
		132D58C32150EB0C000FC074 /* TestApp-IOS-Abx-RemasterHyBrid.app */ = {isa = PBXFileReference; explicitFileType = wrapper.application; includeInIndex = 0; path = "TestApp-IOS-Abx-RemasterHyBrid.app"; sourceTree = BUILT_PRODUCTS_DIR; };
		132D58C62150EB0C000FC074 /* AppDelegate.swift */ = {isa = PBXFileReference; lastKnownFileType = sourcecode.swift; path = AppDelegate.swift; sourceTree = "<group>"; };
		132D58C82150EB0C000FC074 /* ViewController.swift */ = {isa = PBXFileReference; lastKnownFileType = sourcecode.swift; path = ViewController.swift; sourceTree = "<group>"; };
		132D58CB2150EB0C000FC074 /* Base */ = {isa = PBXFileReference; lastKnownFileType = file.storyboard; name = Base; path = Base.lproj/Main.storyboard; sourceTree = "<group>"; };
		132D58CE2150EB0C000FC074 /* TestApp_IOS_Abx_RemasterHyBrid.xcdatamodel */ = {isa = PBXFileReference; lastKnownFileType = wrapper.xcdatamodel; path = TestApp_IOS_Abx_RemasterHyBrid.xcdatamodel; sourceTree = "<group>"; };
		132D58D02150EB0D000FC074 /* Assets.xcassets */ = {isa = PBXFileReference; lastKnownFileType = folder.assetcatalog; path = Assets.xcassets; sourceTree = "<group>"; };
		132D58D32150EB0E000FC074 /* Base */ = {isa = PBXFileReference; lastKnownFileType = file.storyboard; name = Base; path = Base.lproj/LaunchScreen.storyboard; sourceTree = "<group>"; };
		132D58D52150EB0E000FC074 /* Info.plist */ = {isa = PBXFileReference; lastKnownFileType = text.plist.xml; path = Info.plist; sourceTree = "<group>"; };
		132D58DC2150EB5F000FC074 /* AdBrixRMSampleObjC.h */ = {isa = PBXFileReference; lastKnownFileType = sourcecode.c.h; path = AdBrixRMSampleObjC.h; sourceTree = "<group>"; };
		132D58DD2150EB7C000FC074 /* TestApp-IOS-Abx-RemasterHyBrid-Bridging-Header.h */ = {isa = PBXFileReference; lastKnownFileType = sourcecode.c.h; path = "TestApp-IOS-Abx-RemasterHyBrid-Bridging-Header.h"; sourceTree = "<group>"; };
		132D58DE2150EB7D000FC074 /* AdBrixRMSampleObjC.m */ = {isa = PBXFileReference; lastKnownFileType = sourcecode.c.objc; path = AdBrixRMSampleObjC.m; sourceTree = "<group>"; };
		132D58ED2150EC2F000FC074 /* IgaworksCore.framework */ = {isa = PBXFileReference; lastKnownFileType = wrapper.framework; path = IgaworksCore.framework; sourceTree = "<group>"; };
		132D58EE2150EC2F000FC074 /* AdBrixRM.framework */ = {isa = PBXFileReference; lastKnownFileType = wrapper.framework; path = AdBrixRM.framework; sourceTree = "<group>"; };
		132D58EF2150EC2F000FC074 /* AdBrix.framework */ = {isa = PBXFileReference; lastKnownFileType = wrapper.framework; path = AdBrix.framework; sourceTree = "<group>"; };
		132D58F72150ED0E000FC074 /* MessageUI.framework */ = {isa = PBXFileReference; lastKnownFileType = wrapper.framework; name = MessageUI.framework; path = System/Library/Frameworks/MessageUI.framework; sourceTree = SDKROOT; };
		132D58F92150ED13000FC074 /* CoreText.framework */ = {isa = PBXFileReference; lastKnownFileType = wrapper.framework; name = CoreText.framework; path = System/Library/Frameworks/CoreText.framework; sourceTree = SDKROOT; };
		132D58FB2150ED1A000FC074 /* Security.framework */ = {isa = PBXFileReference; lastKnownFileType = wrapper.framework; name = Security.framework; path = System/Library/Frameworks/Security.framework; sourceTree = SDKROOT; };
		132D58FD2150ED24000FC074 /* iAd.framework */ = {isa = PBXFileReference; lastKnownFileType = wrapper.framework; name = iAd.framework; path = System/Library/Frameworks/iAd.framework; sourceTree = SDKROOT; };
		132D58FE2150ED24000FC074 /* AdSupport.framework */ = {isa = PBXFileReference; lastKnownFileType = wrapper.framework; name = AdSupport.framework; path = System/Library/Frameworks/AdSupport.framework; sourceTree = SDKROOT; };
		132D59012150ED29000FC074 /* UIKit.framework */ = {isa = PBXFileReference; lastKnownFileType = wrapper.framework; name = UIKit.framework; path = System/Library/Frameworks/UIKit.framework; sourceTree = SDKROOT; };
		132D59032150ED2F000FC074 /* SystemConfiguration.framework */ = {isa = PBXFileReference; lastKnownFileType = wrapper.framework; name = SystemConfiguration.framework; path = System/Library/Frameworks/SystemConfiguration.framework; sourceTree = SDKROOT; };
		132D59052150ED38000FC074 /* CoreTelephony.framework */ = {isa = PBXFileReference; lastKnownFileType = wrapper.framework; name = CoreTelephony.framework; path = System/Library/Frameworks/CoreTelephony.framework; sourceTree = SDKROOT; };
		132D59072150ED44000FC074 /* libxml2.tbd */ = {isa = PBXFileReference; lastKnownFileType = "sourcecode.text-based-dylib-definition"; name = libxml2.tbd; path = usr/lib/libxml2.tbd; sourceTree = SDKROOT; };
		132D59092150F958000FC074 /* Utils.m */ = {isa = PBXFileReference; lastKnownFileType = sourcecode.c.objc; path = Utils.m; sourceTree = "<group>"; };
		132D590B2150F962000FC074 /* Utils.h */ = {isa = PBXFileReference; lastKnownFileType = sourcecode.c.h; path = Utils.h; sourceTree = "<group>"; };
		132D590C2151F5B1000FC074 /* Constants.swift */ = {isa = PBXFileReference; lastKnownFileType = sourcecode.swift; path = Constants.swift; sourceTree = "<group>"; };
/* End PBXFileReference section */

/* Begin PBXFrameworksBuildPhase section */
		132D58C02150EB0C000FC074 /* Frameworks */ = {
			isa = PBXFrameworksBuildPhase;
			buildActionMask = 2147483647;
			files = (
				132D59082150ED44000FC074 /* libxml2.tbd in Frameworks */,
				132D59062150ED38000FC074 /* CoreTelephony.framework in Frameworks */,
				132D59042150ED2F000FC074 /* SystemConfiguration.framework in Frameworks */,
				132D59022150ED2A000FC074 /* UIKit.framework in Frameworks */,
				132D58FF2150ED24000FC074 /* iAd.framework in Frameworks */,
				132D59002150ED24000FC074 /* AdSupport.framework in Frameworks */,
				132D58FC2150ED1A000FC074 /* Security.framework in Frameworks */,
				132D58FA2150ED13000FC074 /* CoreText.framework in Frameworks */,
				132D58F82150ED0E000FC074 /* MessageUI.framework in Frameworks */,
				132D58F02150EC2F000FC074 /* IgaworksCore.framework in Frameworks */,
				132D58F22150EC2F000FC074 /* AdBrix.framework in Frameworks */,
			);
			runOnlyForDeploymentPostprocessing = 0;
		};
/* End PBXFrameworksBuildPhase section */

/* Begin PBXGroup section */
		132D58BA2150EB0C000FC074 = {
			isa = PBXGroup;
			children = (
				132D58EF2150EC2F000FC074 /* AdBrix.framework */,
				132D58EE2150EC2F000FC074 /* AdBrixRM.framework */,
				132D58ED2150EC2F000FC074 /* IgaworksCore.framework */,
				132D58C52150EB0C000FC074 /* TestApp-IOS-Abx-RemasterHyBrid */,
				132D58C42150EB0C000FC074 /* Products */,
				132D58F62150ED0E000FC074 /* Frameworks */,
			);
			sourceTree = "<group>";
		};
		132D58C42150EB0C000FC074 /* Products */ = {
			isa = PBXGroup;
			children = (
				132D58C32150EB0C000FC074 /* TestApp-IOS-Abx-RemasterHyBrid.app */,
			);
			name = Products;
			sourceTree = "<group>";
		};
		132D58C52150EB0C000FC074 /* TestApp-IOS-Abx-RemasterHyBrid */ = {
			isa = PBXGroup;
			children = (
				132D58DB2150EB30000FC074 /* fromObjC */,
				132D58C62150EB0C000FC074 /* AppDelegate.swift */,
				132D58C82150EB0C000FC074 /* ViewController.swift */,
				132D58CA2150EB0C000FC074 /* Main.storyboard */,
				132D58D02150EB0D000FC074 /* Assets.xcassets */,
				132D58D22150EB0E000FC074 /* LaunchScreen.storyboard */,
				132D58D52150EB0E000FC074 /* Info.plist */,
				132D58CD2150EB0C000FC074 /* TestApp_IOS_Abx_RemasterHyBrid.xcdatamodeld */,
				132D590C2151F5B1000FC074 /* Constants.swift */,
				132D59092150F958000FC074 /* Utils.m */,
				132D590B2150F962000FC074 /* Utils.h */,
			);
			path = "TestApp-IOS-Abx-RemasterHyBrid";
			sourceTree = "<group>";
		};
		132D58DB2150EB30000FC074 /* fromObjC */ = {
			isa = PBXGroup;
			children = (
				132D58DC2150EB5F000FC074 /* AdBrixRMSampleObjC.h */,
				132D58DE2150EB7D000FC074 /* AdBrixRMSampleObjC.m */,
				132D58DD2150EB7C000FC074 /* TestApp-IOS-Abx-RemasterHyBrid-Bridging-Header.h */,
			);
			path = fromObjC;
			sourceTree = "<group>";
		};
		132D58F62150ED0E000FC074 /* Frameworks */ = {
			isa = PBXGroup;
			children = (
				132D59072150ED44000FC074 /* libxml2.tbd */,
				132D59052150ED38000FC074 /* CoreTelephony.framework */,
				132D59032150ED2F000FC074 /* SystemConfiguration.framework */,
				132D59012150ED29000FC074 /* UIKit.framework */,
				132D58FE2150ED24000FC074 /* AdSupport.framework */,
				132D58FD2150ED24000FC074 /* iAd.framework */,
				132D58FB2150ED1A000FC074 /* Security.framework */,
				132D58F92150ED13000FC074 /* CoreText.framework */,
				132D58F72150ED0E000FC074 /* MessageUI.framework */,
			);
			name = Frameworks;
			sourceTree = "<group>";
		};
/* End PBXGroup section */

/* Begin PBXNativeTarget section */
		132D58C22150EB0C000FC074 /* TestApp-IOS-Abx-RemasterHyBrid */ = {
			isa = PBXNativeTarget;
			buildConfigurationList = 132D58D82150EB0E000FC074 /* Build configuration list for PBXNativeTarget "TestApp-IOS-Abx-RemasterHyBrid" */;
			buildPhases = (
				132D58BF2150EB0C000FC074 /* Sources */,
				132D58C02150EB0C000FC074 /* Frameworks */,
				132D58C12150EB0C000FC074 /* Resources */,
				132D58F52150EC39000FC074 /* Embed Frameworks */,
			);
			buildRules = (
			);
			dependencies = (
			);
			name = "TestApp-IOS-Abx-RemasterHyBrid";
			productName = "TestApp-IOS-Abx-RemasterHyBrid";
			productReference = 132D58C32150EB0C000FC074 /* TestApp-IOS-Abx-RemasterHyBrid.app */;
			productType = "com.apple.product-type.application";
		};
/* End PBXNativeTarget section */

/* Begin PBXProject section */
		132D58BB2150EB0C000FC074 /* Project object */ = {
			isa = PBXProject;
			attributes = {
				LastSwiftUpdateCheck = 0940;
				LastUpgradeCheck = 0940;
				ORGANIZATIONNAME = igaworks;
				TargetAttributes = {
					132D58C22150EB0C000FC074 = {
						CreatedOnToolsVersion = 9.4.1;
						LastSwiftMigration = 0940;
					};
				};
			};
			buildConfigurationList = 132D58BE2150EB0C000FC074 /* Build configuration list for PBXProject "TestApp-IOS-Abx-RemasterHyBrid" */;
			compatibilityVersion = "Xcode 9.3";
			developmentRegion = en;
			hasScannedForEncodings = 0;
			knownRegions = (
				en,
				Base,
			);
			mainGroup = 132D58BA2150EB0C000FC074;
			productRefGroup = 132D58C42150EB0C000FC074 /* Products */;
			projectDirPath = "";
			projectRoot = "";
			targets = (
				132D58C22150EB0C000FC074 /* TestApp-IOS-Abx-RemasterHyBrid */,
			);
		};
/* End PBXProject section */

/* Begin PBXResourcesBuildPhase section */
		132D58C12150EB0C000FC074 /* Resources */ = {
			isa = PBXResourcesBuildPhase;
			buildActionMask = 2147483647;
			files = (
				132D58D42150EB0E000FC074 /* LaunchScreen.storyboard in Resources */,
				132D58D12150EB0D000FC074 /* Assets.xcassets in Resources */,
				132D58CC2150EB0C000FC074 /* Main.storyboard in Resources */,
			);
			runOnlyForDeploymentPostprocessing = 0;
		};
/* End PBXResourcesBuildPhase section */

/* Begin PBXSourcesBuildPhase section */
		132D58BF2150EB0C000FC074 /* Sources */ = {
			isa = PBXSourcesBuildPhase;
			buildActionMask = 2147483647;
			files = (
				132D58DF2150EB7D000FC074 /* AdBrixRMSampleObjC.m in Sources */,
				132D58CF2150EB0C000FC074 /* TestApp_IOS_Abx_RemasterHyBrid.xcdatamodeld in Sources */,
				132D58C92150EB0C000FC074 /* ViewController.swift in Sources */,
				132D590A2150F958000FC074 /* Utils.m in Sources */,
				132D58C72150EB0C000FC074 /* AppDelegate.swift in Sources */,
				132D590D2151F5B1000FC074 /* Constants.swift in Sources */,
			);
			runOnlyForDeploymentPostprocessing = 0;
		};
/* End PBXSourcesBuildPhase section */

/* Begin PBXVariantGroup section */
		132D58CA2150EB0C000FC074 /* Main.storyboard */ = {
			isa = PBXVariantGroup;
			children = (
				132D58CB2150EB0C000FC074 /* Base */,
			);
			name = Main.storyboard;
			sourceTree = "<group>";
		};
		132D58D22150EB0E000FC074 /* LaunchScreen.storyboard */ = {
			isa = PBXVariantGroup;
			children = (
				132D58D32150EB0E000FC074 /* Base */,
			);
			name = LaunchScreen.storyboard;
			sourceTree = "<group>";
		};
/* End PBXVariantGroup section */

/* Begin XCBuildConfiguration section */
		132D58D62150EB0E000FC074 /* Debug */ = {
			isa = XCBuildConfiguration;
			buildSettings = {
				ALWAYS_SEARCH_USER_PATHS = NO;
				CLANG_ANALYZER_NONNULL = YES;
				CLANG_ANALYZER_NUMBER_OBJECT_CONVERSION = YES_AGGRESSIVE;
				CLANG_CXX_LANGUAGE_STANDARD = "gnu++14";
				CLANG_CXX_LIBRARY = "libc++";
				CLANG_ENABLE_MODULES = YES;
				CLANG_ENABLE_OBJC_ARC = YES;
				CLANG_ENABLE_OBJC_WEAK = YES;
				CLANG_WARN_BLOCK_CAPTURE_AUTORELEASING = YES;
				CLANG_WARN_BOOL_CONVERSION = YES;
				CLANG_WARN_COMMA = YES;
				CLANG_WARN_CONSTANT_CONVERSION = YES;
				CLANG_WARN_DEPRECATED_OBJC_IMPLEMENTATIONS = YES;
				CLANG_WARN_DIRECT_OBJC_ISA_USAGE = YES_ERROR;
				CLANG_WARN_DOCUMENTATION_COMMENTS = YES;
				CLANG_WARN_EMPTY_BODY = YES;
				CLANG_WARN_ENUM_CONVERSION = YES;
				CLANG_WARN_INFINITE_RECURSION = YES;
				CLANG_WARN_INT_CONVERSION = YES;
				CLANG_WARN_NON_LITERAL_NULL_CONVERSION = YES;
				CLANG_WARN_OBJC_IMPLICIT_RETAIN_SELF = YES;
				CLANG_WARN_OBJC_LITERAL_CONVERSION = YES;
				CLANG_WARN_OBJC_ROOT_CLASS = YES_ERROR;
				CLANG_WARN_RANGE_LOOP_ANALYSIS = YES;
				CLANG_WARN_STRICT_PROTOTYPES = YES;
				CLANG_WARN_SUSPICIOUS_MOVE = YES;
				CLANG_WARN_UNGUARDED_AVAILABILITY = YES_AGGRESSIVE;
				CLANG_WARN_UNREACHABLE_CODE = YES;
				CLANG_WARN__DUPLICATE_METHOD_MATCH = YES;
				CODE_SIGN_IDENTITY = "iPhone Developer";
				COPY_PHASE_STRIP = NO;
				DEBUG_INFORMATION_FORMAT = dwarf;
				ENABLE_STRICT_OBJC_MSGSEND = YES;
				ENABLE_TESTABILITY = YES;
				GCC_C_LANGUAGE_STANDARD = gnu11;
				GCC_DYNAMIC_NO_PIC = NO;
				GCC_NO_COMMON_BLOCKS = YES;
				GCC_OPTIMIZATION_LEVEL = 0;
				GCC_PREPROCESSOR_DEFINITIONS = (
					"DEBUG=1",
					"$(inherited)",
				);
				GCC_WARN_64_TO_32_BIT_CONVERSION = YES;
				GCC_WARN_ABOUT_RETURN_TYPE = YES_ERROR;
				GCC_WARN_UNDECLARED_SELECTOR = YES;
				GCC_WARN_UNINITIALIZED_AUTOS = YES_AGGRESSIVE;
				GCC_WARN_UNUSED_FUNCTION = YES;
				GCC_WARN_UNUSED_VARIABLE = YES;
				IPHONEOS_DEPLOYMENT_TARGET = 11.4;
				MTL_ENABLE_DEBUG_INFO = YES;
				ONLY_ACTIVE_ARCH = YES;
				SDKROOT = iphoneos;
				SWIFT_ACTIVE_COMPILATION_CONDITIONS = DEBUG;
				SWIFT_OPTIMIZATION_LEVEL = "-Onone";
			};
			name = Debug;
		};
		132D58D72150EB0E000FC074 /* Release */ = {
			isa = XCBuildConfiguration;
			buildSettings = {
				ALWAYS_SEARCH_USER_PATHS = NO;
				CLANG_ANALYZER_NONNULL = YES;
				CLANG_ANALYZER_NUMBER_OBJECT_CONVERSION = YES_AGGRESSIVE;
				CLANG_CXX_LANGUAGE_STANDARD = "gnu++14";
				CLANG_CXX_LIBRARY = "libc++";
				CLANG_ENABLE_MODULES = YES;
				CLANG_ENABLE_OBJC_ARC = YES;
				CLANG_ENABLE_OBJC_WEAK = YES;
				CLANG_WARN_BLOCK_CAPTURE_AUTORELEASING = YES;
				CLANG_WARN_BOOL_CONVERSION = YES;
				CLANG_WARN_COMMA = YES;
				CLANG_WARN_CONSTANT_CONVERSION = YES;
				CLANG_WARN_DEPRECATED_OBJC_IMPLEMENTATIONS = YES;
				CLANG_WARN_DIRECT_OBJC_ISA_USAGE = YES_ERROR;
				CLANG_WARN_DOCUMENTATION_COMMENTS = YES;
				CLANG_WARN_EMPTY_BODY = YES;
				CLANG_WARN_ENUM_CONVERSION = YES;
				CLANG_WARN_INFINITE_RECURSION = YES;
				CLANG_WARN_INT_CONVERSION = YES;
				CLANG_WARN_NON_LITERAL_NULL_CONVERSION = YES;
				CLANG_WARN_OBJC_IMPLICIT_RETAIN_SELF = YES;
				CLANG_WARN_OBJC_LITERAL_CONVERSION = YES;
				CLANG_WARN_OBJC_ROOT_CLASS = YES_ERROR;
				CLANG_WARN_RANGE_LOOP_ANALYSIS = YES;
				CLANG_WARN_STRICT_PROTOTYPES = YES;
				CLANG_WARN_SUSPICIOUS_MOVE = YES;
				CLANG_WARN_UNGUARDED_AVAILABILITY = YES_AGGRESSIVE;
				CLANG_WARN_UNREACHABLE_CODE = YES;
				CLANG_WARN__DUPLICATE_METHOD_MATCH = YES;
				CODE_SIGN_IDENTITY = "iPhone Developer";
				COPY_PHASE_STRIP = NO;
				DEBUG_INFORMATION_FORMAT = "dwarf-with-dsym";
				ENABLE_NS_ASSERTIONS = NO;
				ENABLE_STRICT_OBJC_MSGSEND = YES;
				GCC_C_LANGUAGE_STANDARD = gnu11;
				GCC_NO_COMMON_BLOCKS = YES;
				GCC_WARN_64_TO_32_BIT_CONVERSION = YES;
				GCC_WARN_ABOUT_RETURN_TYPE = YES_ERROR;
				GCC_WARN_UNDECLARED_SELECTOR = YES;
				GCC_WARN_UNINITIALIZED_AUTOS = YES_AGGRESSIVE;
				GCC_WARN_UNUSED_FUNCTION = YES;
				GCC_WARN_UNUSED_VARIABLE = YES;
				IPHONEOS_DEPLOYMENT_TARGET = 11.4;
				MTL_ENABLE_DEBUG_INFO = NO;
				SDKROOT = iphoneos;
				SWIFT_COMPILATION_MODE = wholemodule;
				SWIFT_OPTIMIZATION_LEVEL = "-O";
				VALIDATE_PRODUCT = YES;
			};
			name = Release;
		};
		132D58D92150EB0E000FC074 /* Debug */ = {
			isa = XCBuildConfiguration;
			buildSettings = {
				ALWAYS_EMBED_SWIFT_STANDARD_LIBRARIES = YES;
				ASSETCATALOG_COMPILER_APPICON_NAME = AppIcon;
				CLANG_ENABLE_MODULES = YES;
				CODE_SIGN_STYLE = Automatic;
				DEVELOPMENT_TEAM = 6UFX7ZBPC3;
				FRAMEWORK_SEARCH_PATHS = (
					"$(inherited)",
					"$(PROJECT_DIR)",
				);
				INFOPLIST_FILE = "TestApp-IOS-Abx-RemasterHyBrid/Info.plist";
				LD_RUNPATH_SEARCH_PATHS = (
					"$(inherited)",
					"@executable_path/Frameworks",
				);
				OTHER_LDFLAGS = (
					"-ObjC",
					"-all_load",
				);
				PRODUCT_BUNDLE_IDENTIFIER = "com.igaworks.TestApp-IOS-Abx-RemasterHyBrid";
				PRODUCT_NAME = "$(TARGET_NAME)";
				SWIFT_OBJC_BRIDGING_HEADER = "TestApp-IOS-Abx-RemasterHyBrid/fromObjC/TestApp-IOS-Abx-RemasterHyBrid-Bridging-Header.h";
				SWIFT_OPTIMIZATION_LEVEL = "-Onone";
				SWIFT_VERSION = 4.0;
				TARGETED_DEVICE_FAMILY = "1,2";
			};
			name = Debug;
		};
		132D58DA2150EB0E000FC074 /* Release */ = {
			isa = XCBuildConfiguration;
			buildSettings = {
				ALWAYS_EMBED_SWIFT_STANDARD_LIBRARIES = YES;
				ASSETCATALOG_COMPILER_APPICON_NAME = AppIcon;
				CLANG_ENABLE_MODULES = YES;
				CODE_SIGN_STYLE = Automatic;
				DEVELOPMENT_TEAM = 6UFX7ZBPC3;
				FRAMEWORK_SEARCH_PATHS = (
					"$(inherited)",
					"$(PROJECT_DIR)",
				);
				INFOPLIST_FILE = "TestApp-IOS-Abx-RemasterHyBrid/Info.plist";
				LD_RUNPATH_SEARCH_PATHS = (
					"$(inherited)",
					"@executable_path/Frameworks",
				);
				OTHER_LDFLAGS = (
					"-ObjC",
					"-all_load",
				);
				PRODUCT_BUNDLE_IDENTIFIER = "com.igaworks.TestApp-IOS-Abx-RemasterHyBrid";
				PRODUCT_NAME = "$(TARGET_NAME)";
				SWIFT_OBJC_BRIDGING_HEADER = "TestApp-IOS-Abx-RemasterHyBrid/fromObjC/TestApp-IOS-Abx-RemasterHyBrid-Bridging-Header.h";
				SWIFT_VERSION = 4.0;
				TARGETED_DEVICE_FAMILY = "1,2";
			};
			name = Release;
		};
/* End XCBuildConfiguration section */

/* Begin XCConfigurationList section */
		132D58BE2150EB0C000FC074 /* Build configuration list for PBXProject "TestApp-IOS-Abx-RemasterHyBrid" */ = {
			isa = XCConfigurationList;
			buildConfigurations = (
				132D58D62150EB0E000FC074 /* Debug */,
				132D58D72150EB0E000FC074 /* Release */,
			);
			defaultConfigurationIsVisible = 0;
			defaultConfigurationName = Release;
		};
		132D58D82150EB0E000FC074 /* Build configuration list for PBXNativeTarget "TestApp-IOS-Abx-RemasterHyBrid" */ = {
			isa = XCConfigurationList;
			buildConfigurations = (
				132D58D92150EB0E000FC074 /* Debug */,
				132D58DA2150EB0E000FC074 /* Release */,
			);
			defaultConfigurationIsVisible = 0;
			defaultConfigurationName = Release;
		};
/* End XCConfigurationList section */

/* Begin XCVersionGroup section */
		132D58CD2150EB0C000FC074 /* TestApp_IOS_Abx_RemasterHyBrid.xcdatamodeld */ = {
			isa = XCVersionGroup;
			children = (
				132D58CE2150EB0C000FC074 /* TestApp_IOS_Abx_RemasterHyBrid.xcdatamodel */,
			);
			currentVersion = 132D58CE2150EB0C000FC074 /* TestApp_IOS_Abx_RemasterHyBrid.xcdatamodel */;
			path = TestApp_IOS_Abx_RemasterHyBrid.xcdatamodeld;
			sourceTree = "<group>";
			versionGroupType = wrapper.xcdatamodel;
		};
/* End XCVersionGroup section */
	};
	rootObject = 132D58BB2150EB0C000FC074 /* Project object */;
}
