// !$*UTF8*$!
{
	archiveVersion = 1;
	classes = {
	};
	objectVersion = 48;
	objects = {

/* Begin PBXBuildFile section */
		131750732192C64F004BB247 /* AdBrixRM.framework in Frameworks */ = {isa = PBXBuildFile; fileRef = 131750712192C64A004BB247 /* AdBrixRM.framework */; };
		131750742192C64F004BB247 /* AdBrixRM.framework in Embed Frameworks */ = {isa = PBXBuildFile; fileRef = 131750712192C64A004BB247 /* AdBrixRM.framework */; settings = {ATTRIBUTES = (CodeSignOnCopy, RemoveHeadersOnCopy, ); }; };
		132FED38203FFF1700793D1D /* iAd.framework in Frameworks */ = {isa = PBXBuildFile; fileRef = 132FED37203FFF1600793D1D /* iAd.framework */; };
		132FED3A203FFF1C00793D1D /* UIKit.framework in Frameworks */ = {isa = PBXBuildFile; fileRef = 132FED39203FFF1B00793D1D /* UIKit.framework */; };
		137A0BE020294B0100F3072C /* AppDelegate.swift in Sources */ = {isa = PBXBuildFile; fileRef = 137A0BDF20294B0100F3072C /* AppDelegate.swift */; };
		137A0BE720294B0100F3072C /* Assets.xcassets in Resources */ = {isa = PBXBuildFile; fileRef = 137A0BE620294B0100F3072C /* Assets.xcassets */; };
		137A0BEA20294B0100F3072C /* LaunchScreen.storyboard in Resources */ = {isa = PBXBuildFile; fileRef = 137A0BE820294B0100F3072C /* LaunchScreen.storyboard */; };
		137A0BF520294B0100F3072C /* TestApp_IOS_Abx_RemasterSwiftTests.swift in Sources */ = {isa = PBXBuildFile; fileRef = 137A0BF420294B0100F3072C /* TestApp_IOS_Abx_RemasterSwiftTests.swift */; };
		137A0C0020294B0100F3072C /* TestApp_IOS_Abx_RemasterSwiftUITests.swift in Sources */ = {isa = PBXBuildFile; fileRef = 137A0BFF20294B0100F3072C /* TestApp_IOS_Abx_RemasterSwiftUITests.swift */; };
		137A0C62202AEE5500F3072C /* MainController.swift in Sources */ = {isa = PBXBuildFile; fileRef = 137A0C61202AEE5500F3072C /* MainController.swift */; };
		137A0C64202AEEA000F3072C /* Main.storyboard in Resources */ = {isa = PBXBuildFile; fileRef = 137A0C63202AEEA000F3072C /* Main.storyboard */; };
/* End PBXBuildFile section */

/* Begin PBXContainerItemProxy section */
		137A0BF120294B0100F3072C /* PBXContainerItemProxy */ = {
			isa = PBXContainerItemProxy;
			containerPortal = 137A0BD420294B0100F3072C /* Project object */;
			proxyType = 1;
			remoteGlobalIDString = 137A0BDB20294B0100F3072C;
			remoteInfo = "TestApp-IOS-Abx-RemasterSwift";
		};
		137A0BFC20294B0100F3072C /* PBXContainerItemProxy */ = {
			isa = PBXContainerItemProxy;
			containerPortal = 137A0BD420294B0100F3072C /* Project object */;
			proxyType = 1;
			remoteGlobalIDString = 137A0BDB20294B0100F3072C;
			remoteInfo = "TestApp-IOS-Abx-RemasterSwift";
		};
/* End PBXContainerItemProxy section */

/* Begin PBXCopyFilesBuildPhase section */
		131750702192BC2B004BB247 /* Embed Frameworks */ = {
			isa = PBXCopyFilesBuildPhase;
			buildActionMask = 2147483647;
			dstPath = "";
			dstSubfolderSpec = 10;
			files = (
				131750742192C64F004BB247 /* AdBrixRM.framework in Embed Frameworks */,
			);
			name = "Embed Frameworks";
			runOnlyForDeploymentPostprocessing = 0;
		};
/* End PBXCopyFilesBuildPhase section */

/* Begin PBXFileReference section */
		1302CAF920BD168A0024824B /* CoreLocation.framework */ = {isa = PBXFileReference; lastKnownFileType = wrapper.framework; name = CoreLocation.framework; path = System/Library/Frameworks/CoreLocation.framework; sourceTree = SDKROOT; };
		131750712192C64A004BB247 /* AdBrixRM.framework */ = {isa = PBXFileReference; lastKnownFileType = wrapper.framework; path = AdBrixRM.framework; sourceTree = "<group>"; };
		132FED37203FFF1600793D1D /* iAd.framework */ = {isa = PBXFileReference; lastKnownFileType = wrapper.framework; name = iAd.framework; path = System/Library/Frameworks/iAd.framework; sourceTree = SDKROOT; };
		132FED39203FFF1B00793D1D /* UIKit.framework */ = {isa = PBXFileReference; lastKnownFileType = wrapper.framework; name = UIKit.framework; path = System/Library/Frameworks/UIKit.framework; sourceTree = SDKROOT; };
		137A0BDC20294B0100F3072C /* TestApp-IOS-Abx-RemasterSwift.app */ = {isa = PBXFileReference; explicitFileType = wrapper.application; includeInIndex = 0; path = "TestApp-IOS-Abx-RemasterSwift.app"; sourceTree = BUILT_PRODUCTS_DIR; };
		137A0BDF20294B0100F3072C /* AppDelegate.swift */ = {isa = PBXFileReference; lastKnownFileType = sourcecode.swift; path = AppDelegate.swift; sourceTree = "<group>"; };
		137A0BE620294B0100F3072C /* Assets.xcassets */ = {isa = PBXFileReference; lastKnownFileType = folder.assetcatalog; path = Assets.xcassets; sourceTree = "<group>"; };
		137A0BE920294B0100F3072C /* Base */ = {isa = PBXFileReference; lastKnownFileType = file.storyboard; name = Base; path = Base.lproj/LaunchScreen.storyboard; sourceTree = "<group>"; };
		137A0BEB20294B0100F3072C /* Info.plist */ = {isa = PBXFileReference; lastKnownFileType = text.plist.xml; path = Info.plist; sourceTree = "<group>"; };
		137A0BF020294B0100F3072C /* TestApp-IOS-Abx-RemasterSwiftTests.xctest */ = {isa = PBXFileReference; explicitFileType = wrapper.cfbundle; includeInIndex = 0; path = "TestApp-IOS-Abx-RemasterSwiftTests.xctest"; sourceTree = BUILT_PRODUCTS_DIR; };
		137A0BF420294B0100F3072C /* TestApp_IOS_Abx_RemasterSwiftTests.swift */ = {isa = PBXFileReference; lastKnownFileType = sourcecode.swift; path = TestApp_IOS_Abx_RemasterSwiftTests.swift; sourceTree = "<group>"; };
		137A0BF620294B0100F3072C /* Info.plist */ = {isa = PBXFileReference; lastKnownFileType = text.plist.xml; path = Info.plist; sourceTree = "<group>"; };
		137A0BFB20294B0100F3072C /* TestApp-IOS-Abx-RemasterSwiftUITests.xctest */ = {isa = PBXFileReference; explicitFileType = wrapper.cfbundle; includeInIndex = 0; path = "TestApp-IOS-Abx-RemasterSwiftUITests.xctest"; sourceTree = BUILT_PRODUCTS_DIR; };
		137A0BFF20294B0100F3072C /* TestApp_IOS_Abx_RemasterSwiftUITests.swift */ = {isa = PBXFileReference; lastKnownFileType = sourcecode.swift; path = TestApp_IOS_Abx_RemasterSwiftUITests.swift; sourceTree = "<group>"; };
		137A0C0120294B0100F3072C /* Info.plist */ = {isa = PBXFileReference; lastKnownFileType = text.plist.xml; path = Info.plist; sourceTree = "<group>"; };
		137A0C61202AEE5500F3072C /* MainController.swift */ = {isa = PBXFileReference; lastKnownFileType = sourcecode.swift; path = MainController.swift; sourceTree = "<group>"; };
		137A0C63202AEEA000F3072C /* Main.storyboard */ = {isa = PBXFileReference; lastKnownFileType = file.storyboard; path = Main.storyboard; sourceTree = "<group>"; };
/* End PBXFileReference section */

/* Begin PBXFrameworksBuildPhase section */
		137A0BD920294B0100F3072C /* Frameworks */ = {
			isa = PBXFrameworksBuildPhase;
			buildActionMask = 2147483647;
			files = (
				132FED3A203FFF1C00793D1D /* UIKit.framework in Frameworks */,
				132FED38203FFF1700793D1D /* iAd.framework in Frameworks */,
				131750732192C64F004BB247 /* AdBrixRM.framework in Frameworks */,
			);
			runOnlyForDeploymentPostprocessing = 0;
		};
		137A0BED20294B0100F3072C /* Frameworks */ = {
			isa = PBXFrameworksBuildPhase;
			buildActionMask = 2147483647;
			files = (
			);
			runOnlyForDeploymentPostprocessing = 0;
		};
		137A0BF820294B0100F3072C /* Frameworks */ = {
			isa = PBXFrameworksBuildPhase;
			buildActionMask = 2147483647;
			files = (
			);
			runOnlyForDeploymentPostprocessing = 0;
		};
/* End PBXFrameworksBuildPhase section */

/* Begin PBXGroup section */
		137A0BD320294B0100F3072C = {
			isa = PBXGroup;
			children = (
				131750712192C64A004BB247 /* AdBrixRM.framework */,
				137A0BDE20294B0100F3072C /* TestApp-IOS-Abx-RemasterSwift */,
				137A0BF320294B0100F3072C /* TestApp-IOS-Abx-RemasterSwiftTests */,
				137A0BFE20294B0100F3072C /* TestApp-IOS-Abx-RemasterSwiftUITests */,
				137A0BDD20294B0100F3072C /* Products */,
				137A0C0D20294B2A00F3072C /* Frameworks */,
			);
			sourceTree = "<group>";
		};
		137A0BDD20294B0100F3072C /* Products */ = {
			isa = PBXGroup;
			children = (
				137A0BDC20294B0100F3072C /* TestApp-IOS-Abx-RemasterSwift.app */,
				137A0BF020294B0100F3072C /* TestApp-IOS-Abx-RemasterSwiftTests.xctest */,
				137A0BFB20294B0100F3072C /* TestApp-IOS-Abx-RemasterSwiftUITests.xctest */,
			);
			name = Products;
			sourceTree = "<group>";
		};
		137A0BDE20294B0100F3072C /* TestApp-IOS-Abx-RemasterSwift */ = {
			isa = PBXGroup;
			children = (
				137A0BDF20294B0100F3072C /* AppDelegate.swift */,
				137A0BE620294B0100F3072C /* Assets.xcassets */,
				137A0BE820294B0100F3072C /* LaunchScreen.storyboard */,
				137A0BEB20294B0100F3072C /* Info.plist */,
				137A0C61202AEE5500F3072C /* MainController.swift */,
				137A0C63202AEEA000F3072C /* Main.storyboard */,
			);
			path = "TestApp-IOS-Abx-RemasterSwift";
			sourceTree = "<group>";
		};
		137A0BF320294B0100F3072C /* TestApp-IOS-Abx-RemasterSwiftTests */ = {
			isa = PBXGroup;
			children = (
				137A0BF420294B0100F3072C /* TestApp_IOS_Abx_RemasterSwiftTests.swift */,
				137A0BF620294B0100F3072C /* Info.plist */,
			);
			path = "TestApp-IOS-Abx-RemasterSwiftTests";
			sourceTree = "<group>";
		};
		137A0BFE20294B0100F3072C /* TestApp-IOS-Abx-RemasterSwiftUITests */ = {
			isa = PBXGroup;
			children = (
				137A0BFF20294B0100F3072C /* TestApp_IOS_Abx_RemasterSwiftUITests.swift */,
				137A0C0120294B0100F3072C /* Info.plist */,
			);
			path = "TestApp-IOS-Abx-RemasterSwiftUITests";
			sourceTree = "<group>";
		};
		137A0C0D20294B2A00F3072C /* Frameworks */ = {
			isa = PBXGroup;
			children = (
				1302CAF920BD168A0024824B /* CoreLocation.framework */,
				132FED39203FFF1B00793D1D /* UIKit.framework */,
				132FED37203FFF1600793D1D /* iAd.framework */,
			);
			name = Frameworks;
			sourceTree = "<group>";
		};
/* End PBXGroup section */

/* Begin PBXNativeTarget section */
		137A0BDB20294B0100F3072C /* TestApp-IOS-Abx-RemasterSwift */ = {
			isa = PBXNativeTarget;
			buildConfigurationList = 137A0C0420294B0100F3072C /* Build configuration list for PBXNativeTarget "TestApp-IOS-Abx-RemasterSwift" */;
			buildPhases = (
				137A0BD820294B0100F3072C /* Sources */,
				137A0BD920294B0100F3072C /* Frameworks */,
				137A0BDA20294B0100F3072C /* Resources */,
				131750702192BC2B004BB247 /* Embed Frameworks */,
			);
			buildRules = (
			);
			dependencies = (
			);
			name = "TestApp-IOS-Abx-RemasterSwift";
			productName = "TestApp-IOS-Abx-RemasterSwift";
			productReference = 137A0BDC20294B0100F3072C /* TestApp-IOS-Abx-RemasterSwift.app */;
			productType = "com.apple.product-type.application";
		};
		137A0BEF20294B0100F3072C /* TestApp-IOS-Abx-RemasterSwiftTests */ = {
			isa = PBXNativeTarget;
			buildConfigurationList = 137A0C0720294B0100F3072C /* Build configuration list for PBXNativeTarget "TestApp-IOS-Abx-RemasterSwiftTests" */;
			buildPhases = (
				137A0BEC20294B0100F3072C /* Sources */,
				137A0BED20294B0100F3072C /* Frameworks */,
				137A0BEE20294B0100F3072C /* Resources */,
			);
			buildRules = (
			);
			dependencies = (
				137A0BF220294B0100F3072C /* PBXTargetDependency */,
			);
			name = "TestApp-IOS-Abx-RemasterSwiftTests";
			productName = "TestApp-IOS-Abx-RemasterSwiftTests";
			productReference = 137A0BF020294B0100F3072C /* TestApp-IOS-Abx-RemasterSwiftTests.xctest */;
			productType = "com.apple.product-type.bundle.unit-test";
		};
		137A0BFA20294B0100F3072C /* TestApp-IOS-Abx-RemasterSwiftUITests */ = {
			isa = PBXNativeTarget;
			buildConfigurationList = 137A0C0A20294B0100F3072C /* Build configuration list for PBXNativeTarget "TestApp-IOS-Abx-RemasterSwiftUITests" */;
			buildPhases = (
				137A0BF720294B0100F3072C /* Sources */,
				137A0BF820294B0100F3072C /* Frameworks */,
				137A0BF920294B0100F3072C /* Resources */,
			);
			buildRules = (
			);
			dependencies = (
				137A0BFD20294B0100F3072C /* PBXTargetDependency */,
			);
			name = "TestApp-IOS-Abx-RemasterSwiftUITests";
			productName = "TestApp-IOS-Abx-RemasterSwiftUITests";
			productReference = 137A0BFB20294B0100F3072C /* TestApp-IOS-Abx-RemasterSwiftUITests.xctest */;
			productType = "com.apple.product-type.bundle.ui-testing";
		};
/* End PBXNativeTarget section */

/* Begin PBXProject section */
		137A0BD420294B0100F3072C /* Project object */ = {
			isa = PBXProject;
			attributes = {
				LastSwiftUpdateCheck = 0920;
				LastUpgradeCheck = 0920;
				ORGANIZATIONNAME = igaworks;
				TargetAttributes = {
					137A0BDB20294B0100F3072C = {
						CreatedOnToolsVersion = 9.2;
						ProvisioningStyle = Automatic;
						SystemCapabilities = {
							com.apple.BackgroundModes = {
								enabled = 1;
							};
						};
					};
					137A0BEF20294B0100F3072C = {
						CreatedOnToolsVersion = 9.2;
						ProvisioningStyle = Automatic;
						TestTargetID = 137A0BDB20294B0100F3072C;
					};
					137A0BFA20294B0100F3072C = {
						CreatedOnToolsVersion = 9.2;
						ProvisioningStyle = Automatic;
						TestTargetID = 137A0BDB20294B0100F3072C;
					};
				};
			};
			buildConfigurationList = 137A0BD720294B0100F3072C /* Build configuration list for PBXProject "TestApp-IOS-Abx-RemasterSwift" */;
			compatibilityVersion = "Xcode 8.0";
			developmentRegion = en;
			hasScannedForEncodings = 0;
			knownRegions = (
				en,
				Base,
			);
			mainGroup = 137A0BD320294B0100F3072C;
			productRefGroup = 137A0BDD20294B0100F3072C /* Products */;
			projectDirPath = "";
			projectRoot = "";
			targets = (
				137A0BDB20294B0100F3072C /* TestApp-IOS-Abx-RemasterSwift */,
				137A0BEF20294B0100F3072C /* TestApp-IOS-Abx-RemasterSwiftTests */,
				137A0BFA20294B0100F3072C /* TestApp-IOS-Abx-RemasterSwiftUITests */,
			);
		};
/* End PBXProject section */

/* Begin PBXResourcesBuildPhase section */
		137A0BDA20294B0100F3072C /* Resources */ = {
			isa = PBXResourcesBuildPhase;
			buildActionMask = 2147483647;
			files = (
				137A0C64202AEEA000F3072C /* Main.storyboard in Resources */,
				137A0BEA20294B0100F3072C /* LaunchScreen.storyboard in Resources */,
				137A0BE720294B0100F3072C /* Assets.xcassets in Resources */,
			);
			runOnlyForDeploymentPostprocessing = 0;
		};
		137A0BEE20294B0100F3072C /* Resources */ = {
			isa = PBXResourcesBuildPhase;
			buildActionMask = 2147483647;
			files = (
			);
			runOnlyForDeploymentPostprocessing = 0;
		};
		137A0BF920294B0100F3072C /* Resources */ = {
			isa = PBXResourcesBuildPhase;
			buildActionMask = 2147483647;
			files = (
			);
			runOnlyForDeploymentPostprocessing = 0;
		};
/* End PBXResourcesBuildPhase section */

/* Begin PBXSourcesBuildPhase section */
		137A0BD820294B0100F3072C /* Sources */ = {
			isa = PBXSourcesBuildPhase;
			buildActionMask = 2147483647;
			files = (
				137A0C62202AEE5500F3072C /* MainController.swift in Sources */,
				137A0BE020294B0100F3072C /* AppDelegate.swift in Sources */,
			);
			runOnlyForDeploymentPostprocessing = 0;
		};
		137A0BEC20294B0100F3072C /* Sources */ = {
			isa = PBXSourcesBuildPhase;
			buildActionMask = 2147483647;
			files = (
				137A0BF520294B0100F3072C /* TestApp_IOS_Abx_RemasterSwiftTests.swift in Sources */,
			);
			runOnlyForDeploymentPostprocessing = 0;
		};
		137A0BF720294B0100F3072C /* Sources */ = {
			isa = PBXSourcesBuildPhase;
			buildActionMask = 2147483647;
			files = (
				137A0C0020294B0100F3072C /* TestApp_IOS_Abx_RemasterSwiftUITests.swift in Sources */,
			);
			runOnlyForDeploymentPostprocessing = 0;
		};
/* End PBXSourcesBuildPhase section */

/* Begin PBXTargetDependency section */
		137A0BF220294B0100F3072C /* PBXTargetDependency */ = {
			isa = PBXTargetDependency;
			target = 137A0BDB20294B0100F3072C /* TestApp-IOS-Abx-RemasterSwift */;
			targetProxy = 137A0BF120294B0100F3072C /* PBXContainerItemProxy */;
		};
		137A0BFD20294B0100F3072C /* PBXTargetDependency */ = {
			isa = PBXTargetDependency;
			target = 137A0BDB20294B0100F3072C /* TestApp-IOS-Abx-RemasterSwift */;
			targetProxy = 137A0BFC20294B0100F3072C /* PBXContainerItemProxy */;
		};
/* End PBXTargetDependency section */

/* Begin PBXVariantGroup section */
		137A0BE820294B0100F3072C /* LaunchScreen.storyboard */ = {
			isa = PBXVariantGroup;
			children = (
				137A0BE920294B0100F3072C /* Base */,
			);
			name = LaunchScreen.storyboard;
			sourceTree = "<group>";
		};
/* End PBXVariantGroup section */

/* Begin XCBuildConfiguration section */
		137A0C0220294B0100F3072C /* Debug */ = {
			isa = XCBuildConfiguration;
			buildSettings = {
				ALWAYS_SEARCH_USER_PATHS = NO;
				CLANG_ANALYZER_NONNULL = YES;
				CLANG_ANALYZER_NUMBER_OBJECT_CONVERSION = YES_AGGRESSIVE;
				CLANG_CXX_LANGUAGE_STANDARD = "gnu++14";
				CLANG_CXX_LIBRARY = "libc++";
				CLANG_ENABLE_MODULES = YES;
				CLANG_ENABLE_OBJC_ARC = YES;
				CLANG_WARN_BLOCK_CAPTURE_AUTORELEASING = YES;
				CLANG_WARN_BOOL_CONVERSION = YES;
				CLANG_WARN_COMMA = YES;
				CLANG_WARN_CONSTANT_CONVERSION = YES;
				CLANG_WARN_DIRECT_OBJC_ISA_USAGE = YES_ERROR;
				CLANG_WARN_DOCUMENTATION_COMMENTS = YES;
				CLANG_WARN_EMPTY_BODY = YES;
				CLANG_WARN_ENUM_CONVERSION = YES;
				CLANG_WARN_INFINITE_RECURSION = YES;
				CLANG_WARN_INT_CONVERSION = YES;
				CLANG_WARN_NON_LITERAL_NULL_CONVERSION = YES;
				CLANG_WARN_OBJC_LITERAL_CONVERSION = YES;
				CLANG_WARN_OBJC_ROOT_CLASS = YES_ERROR;
				CLANG_WARN_RANGE_LOOP_ANALYSIS = YES;
				CLANG_WARN_STRICT_PROTOTYPES = YES;
				CLANG_WARN_SUSPICIOUS_MOVE = YES;
				CLANG_WARN_UNGUARDED_AVAILABILITY = YES_AGGRESSIVE;
				CLANG_WARN_UNREACHABLE_CODE = YES;
				CLANG_WARN__DUPLICATE_METHOD_MATCH = YES;
				CODE_SIGN_IDENTITY = "iPhone Developer";
				COPY_PHASE_STRIP = NO;
				DEBUG_INFORMATION_FORMAT = dwarf;
				ENABLE_STRICT_OBJC_MSGSEND = YES;
				ENABLE_TESTABILITY = YES;
				GCC_C_LANGUAGE_STANDARD = gnu11;
				GCC_DYNAMIC_NO_PIC = NO;
				GCC_NO_COMMON_BLOCKS = YES;
				GCC_OPTIMIZATION_LEVEL = 0;
				GCC_PREPROCESSOR_DEFINITIONS = (
					"DEBUG=1",
					"$(inherited)",
				);
				GCC_WARN_64_TO_32_BIT_CONVERSION = YES;
				GCC_WARN_ABOUT_RETURN_TYPE = YES_ERROR;
				GCC_WARN_UNDECLARED_SELECTOR = YES;
				GCC_WARN_UNINITIALIZED_AUTOS = YES_AGGRESSIVE;
				GCC_WARN_UNUSED_FUNCTION = YES;
				GCC_WARN_UNUSED_VARIABLE = YES;
				IPHONEOS_DEPLOYMENT_TARGET = 11.2;
				MTL_ENABLE_DEBUG_INFO = YES;
				ONLY_ACTIVE_ARCH = YES;
				SDKROOT = iphoneos;
				SWIFT_ACTIVE_COMPILATION_CONDITIONS = DEBUG;
				SWIFT_OPTIMIZATION_LEVEL = "-Onone";
			};
			name = Debug;
		};
		137A0C0320294B0100F3072C /* Release */ = {
			isa = XCBuildConfiguration;
			buildSettings = {
				ALWAYS_SEARCH_USER_PATHS = NO;
				CLANG_ANALYZER_NONNULL = YES;
				CLANG_ANALYZER_NUMBER_OBJECT_CONVERSION = YES_AGGRESSIVE;
				CLANG_CXX_LANGUAGE_STANDARD = "gnu++14";
				CLANG_CXX_LIBRARY = "libc++";
				CLANG_ENABLE_MODULES = YES;
				CLANG_ENABLE_OBJC_ARC = YES;
				CLANG_WARN_BLOCK_CAPTURE_AUTORELEASING = YES;
				CLANG_WARN_BOOL_CONVERSION = YES;
				CLANG_WARN_COMMA = YES;
				CLANG_WARN_CONSTANT_CONVERSION = YES;
				CLANG_WARN_DIRECT_OBJC_ISA_USAGE = YES_ERROR;
				CLANG_WARN_DOCUMENTATION_COMMENTS = YES;
				CLANG_WARN_EMPTY_BODY = YES;
				CLANG_WARN_ENUM_CONVERSION = YES;
				CLANG_WARN_INFINITE_RECURSION = YES;
				CLANG_WARN_INT_CONVERSION = YES;
				CLANG_WARN_NON_LITERAL_NULL_CONVERSION = YES;
				CLANG_WARN_OBJC_LITERAL_CONVERSION = YES;
				CLANG_WARN_OBJC_ROOT_CLASS = YES_ERROR;
				CLANG_WARN_RANGE_LOOP_ANALYSIS = YES;
				CLANG_WARN_STRICT_PROTOTYPES = YES;
				CLANG_WARN_SUSPICIOUS_MOVE = YES;
				CLANG_WARN_UNGUARDED_AVAILABILITY = YES_AGGRESSIVE;
				CLANG_WARN_UNREACHABLE_CODE = YES;
				CLANG_WARN__DUPLICATE_METHOD_MATCH = YES;
				CODE_SIGN_IDENTITY = "iPhone Developer";
				COPY_PHASE_STRIP = NO;
				DEBUG_INFORMATION_FORMAT = "dwarf-with-dsym";
				ENABLE_NS_ASSERTIONS = NO;
				ENABLE_STRICT_OBJC_MSGSEND = YES;
				GCC_C_LANGUAGE_STANDARD = gnu11;
				GCC_NO_COMMON_BLOCKS = YES;
				GCC_WARN_64_TO_32_BIT_CONVERSION = YES;
				GCC_WARN_ABOUT_RETURN_TYPE = YES_ERROR;
				GCC_WARN_UNDECLARED_SELECTOR = YES;
				GCC_WARN_UNINITIALIZED_AUTOS = YES_AGGRESSIVE;
				GCC_WARN_UNUSED_FUNCTION = YES;
				GCC_WARN_UNUSED_VARIABLE = YES;
				IPHONEOS_DEPLOYMENT_TARGET = 11.2;
				MTL_ENABLE_DEBUG_INFO = NO;
				SDKROOT = iphoneos;
				SWIFT_OPTIMIZATION_LEVEL = "-Owholemodule";
				VALIDATE_PRODUCT = YES;
			};
			name = Release;
		};
		137A0C0520294B0100F3072C /* Debug */ = {
			isa = XCBuildConfiguration;
			buildSettings = {
				ASSETCATALOG_COMPILER_APPICON_NAME = AppIcon;
				CODE_SIGN_STYLE = Automatic;
				DEVELOPMENT_TEAM = 6UFX7ZBPC3;
				FRAMEWORK_SEARCH_PATHS = (
					"$(inherited)",
					"$(PROJECT_DIR)",
					"$(PROJECT_DIR)/TestApp-IOS-Abx-RemasterSwift",
				);
				INFOPLIST_FILE = "TestApp-IOS-Abx-RemasterSwift/Info.plist";
				IPHONEOS_DEPLOYMENT_TARGET = 10.0;
				LD_RUNPATH_SEARCH_PATHS = "$(inherited) @executable_path/Frameworks";
				OTHER_LDFLAGS = (
					"-ObjC",
					"-all_load",
				);
				PRODUCT_BUNDLE_IDENTIFIER = "com.igaworks.TestApp-IOS-Abx-RemasterSwift";
				PRODUCT_NAME = "$(TARGET_NAME)";
				SWIFT_VERSION = 4.2;
				TARGETED_DEVICE_FAMILY = 1;
				USER_HEADER_SEARCH_PATHS = "\"$(SRCROOT)/../SDK-IOS-Abx-Remaster/AdBrix\"/**";
			};
			name = Debug;
		};
		137A0C0620294B0100F3072C /* Release */ = {
			isa = XCBuildConfiguration;
			buildSettings = {
				ASSETCATALOG_COMPILER_APPICON_NAME = AppIcon;
				CODE_SIGN_STYLE = Automatic;
				DEVELOPMENT_TEAM = 6UFX7ZBPC3;
				FRAMEWORK_SEARCH_PATHS = (
					"$(inherited)",
					"$(PROJECT_DIR)",
					"$(PROJECT_DIR)/TestApp-IOS-Abx-RemasterSwift",
				);
				INFOPLIST_FILE = "TestApp-IOS-Abx-RemasterSwift/Info.plist";
				IPHONEOS_DEPLOYMENT_TARGET = 10.0;
				LD_RUNPATH_SEARCH_PATHS = "$(inherited) @executable_path/Frameworks";
				OTHER_LDFLAGS = (
					"-ObjC",
					"-all_load",
				);
				PRODUCT_BUNDLE_IDENTIFIER = "com.igaworks.TestApp-IOS-Abx-RemasterSwift";
				PRODUCT_NAME = "$(TARGET_NAME)";
				SWIFT_VERSION = 4.2;
				TARGETED_DEVICE_FAMILY = 1;
				USER_HEADER_SEARCH_PATHS = "\"$(SRCROOT)/../SDK-IOS-Abx-Remaster/AdBrix\"/**";
			};
			name = Release;
		};
		137A0C0820294B0100F3072C /* Debug */ = {
			isa = XCBuildConfiguration;
			buildSettings = {
				ALWAYS_EMBED_SWIFT_STANDARD_LIBRARIES = YES;
				BUNDLE_LOADER = "$(TEST_HOST)";
				CODE_SIGN_STYLE = Automatic;
				DEVELOPMENT_TEAM = 6UFX7ZBPC3;
				INFOPLIST_FILE = "TestApp-IOS-Abx-RemasterSwiftTests/Info.plist";
				LD_RUNPATH_SEARCH_PATHS = "$(inherited) @executable_path/Frameworks @loader_path/Frameworks";
				PRODUCT_BUNDLE_IDENTIFIER = "com.igaworks.TestApp-IOS-Abx-RemasterSwiftTests";
				PRODUCT_NAME = "$(TARGET_NAME)";
				SWIFT_VERSION = 4.0;
				TARGETED_DEVICE_FAMILY = "1,2";
				TEST_HOST = "$(BUILT_PRODUCTS_DIR)/TestApp-IOS-Abx-RemasterSwift.app/TestApp-IOS-Abx-RemasterSwift";
			};
			name = Debug;
		};
		137A0C0920294B0100F3072C /* Release */ = {
			isa = XCBuildConfiguration;
			buildSettings = {
				ALWAYS_EMBED_SWIFT_STANDARD_LIBRARIES = YES;
				BUNDLE_LOADER = "$(TEST_HOST)";
				CODE_SIGN_STYLE = Automatic;
				DEVELOPMENT_TEAM = 6UFX7ZBPC3;
				INFOPLIST_FILE = "TestApp-IOS-Abx-RemasterSwiftTests/Info.plist";
				LD_RUNPATH_SEARCH_PATHS = "$(inherited) @executable_path/Frameworks @loader_path/Frameworks";
				PRODUCT_BUNDLE_IDENTIFIER = "com.igaworks.TestApp-IOS-Abx-RemasterSwiftTests";
				PRODUCT_NAME = "$(TARGET_NAME)";
				SWIFT_VERSION = 4.0;
				TARGETED_DEVICE_FAMILY = "1,2";
				TEST_HOST = "$(BUILT_PRODUCTS_DIR)/TestApp-IOS-Abx-RemasterSwift.app/TestApp-IOS-Abx-RemasterSwift";
			};
			name = Release;
		};
		137A0C0B20294B0100F3072C /* Debug */ = {
			isa = XCBuildConfiguration;
			buildSettings = {
				ALWAYS_EMBED_SWIFT_STANDARD_LIBRARIES = YES;
				CODE_SIGN_STYLE = Automatic;
				DEVELOPMENT_TEAM = 6UFX7ZBPC3;
				INFOPLIST_FILE = "TestApp-IOS-Abx-RemasterSwiftUITests/Info.plist";
				LD_RUNPATH_SEARCH_PATHS = "$(inherited) @executable_path/Frameworks @loader_path/Frameworks";
				PRODUCT_BUNDLE_IDENTIFIER = "com.igaworks.TestApp-IOS-Abx-RemasterSwiftUITests";
				PRODUCT_NAME = "$(TARGET_NAME)";
				SWIFT_VERSION = 4.0;
				TARGETED_DEVICE_FAMILY = "1,2";
				TEST_TARGET_NAME = "TestApp-IOS-Abx-RemasterSwift";
			};
			name = Debug;
		};
		137A0C0C20294B0100F3072C /* Release */ = {
			isa = XCBuildConfiguration;
			buildSettings = {
				ALWAYS_EMBED_SWIFT_STANDARD_LIBRARIES = YES;
				CODE_SIGN_STYLE = Automatic;
				DEVELOPMENT_TEAM = 6UFX7ZBPC3;
				INFOPLIST_FILE = "TestApp-IOS-Abx-RemasterSwiftUITests/Info.plist";
				LD_RUNPATH_SEARCH_PATHS = "$(inherited) @executable_path/Frameworks @loader_path/Frameworks";
				PRODUCT_BUNDLE_IDENTIFIER = "com.igaworks.TestApp-IOS-Abx-RemasterSwiftUITests";
				PRODUCT_NAME = "$(TARGET_NAME)";
				SWIFT_VERSION = 4.0;
				TARGETED_DEVICE_FAMILY = "1,2";
				TEST_TARGET_NAME = "TestApp-IOS-Abx-RemasterSwift";
			};
			name = Release;
		};
/* End XCBuildConfiguration section */

/* Begin XCConfigurationList section */
		137A0BD720294B0100F3072C /* Build configuration list for PBXProject "TestApp-IOS-Abx-RemasterSwift" */ = {
			isa = XCConfigurationList;
			buildConfigurations = (
				137A0C0220294B0100F3072C /* Debug */,
				137A0C0320294B0100F3072C /* Release */,
			);
			defaultConfigurationIsVisible = 0;
			defaultConfigurationName = Release;
		};
		137A0C0420294B0100F3072C /* Build configuration list for PBXNativeTarget "TestApp-IOS-Abx-RemasterSwift" */ = {
			isa = XCConfigurationList;
			buildConfigurations = (
				137A0C0520294B0100F3072C /* Debug */,
				137A0C0620294B0100F3072C /* Release */,
			);
			defaultConfigurationIsVisible = 0;
			defaultConfigurationName = Release;
		};
		137A0C0720294B0100F3072C /* Build configuration list for PBXNativeTarget "TestApp-IOS-Abx-RemasterSwiftTests" */ = {
			isa = XCConfigurationList;
			buildConfigurations = (
				137A0C0820294B0100F3072C /* Debug */,
				137A0C0920294B0100F3072C /* Release */,
			);
			defaultConfigurationIsVisible = 0;
			defaultConfigurationName = Release;
		};
		137A0C0A20294B0100F3072C /* Build configuration list for PBXNativeTarget "TestApp-IOS-Abx-RemasterSwiftUITests" */ = {
			isa = XCConfigurationList;
			buildConfigurations = (
				137A0C0B20294B0100F3072C /* Debug */,
				137A0C0C20294B0100F3072C /* Release */,
			);
			defaultConfigurationIsVisible = 0;
			defaultConfigurationName = Release;
		};
/* End XCConfigurationList section */
	};
	rootObject = 137A0BD420294B0100F3072C /* Project object */;
}
