// !$*UTF8*$!
{
	archiveVersion = 1;
	classes = {
	};
	objectVersion = 46;
	objects = {

/* Begin PBXBuildFile section */
		EE1C492E1B56337A009C1304 /* PluginIgaworksNanoo.h in CopyFiles */ = {isa = PBXBuildFile; fileRef = EE1C492D1B56337A009C1304 /* PluginIgaworksNanoo.h */; };
		EE1C49301B56337A009C1304 /* PluginIgaworksNanoo.m in Sources */ = {isa = PBXBuildFile; fileRef = EE1C492F1B56337A009C1304 /* PluginIgaworksNanoo.m */; };
		EE1C49361B56337A009C1304 /* libPluginIgaworksNanoo.a in Frameworks */ = {isa = PBXBuildFile; fileRef = EE1C492A1B56337A009C1304 /* libPluginIgaworksNanoo.a */; };
		EE1C49451B5634BB009C1304 /* IgaworksNanoo.framework in Frameworks */ = {isa = PBXBuildFile; fileRef = EE1C49441B5634BB009C1304 /* IgaworksNanoo.framework */; };
/* End PBXBuildFile section */

/* Begin PBXContainerItemProxy section */
		EE1C49371B56337A009C1304 /* PBXContainerItemProxy */ = {
			isa = PBXContainerItemProxy;
			containerPortal = EE1C49221B56337A009C1304 /* Project object */;
			proxyType = 1;
			remoteGlobalIDString = EE1C49291B56337A009C1304;
			remoteInfo = PluginIgaworksNanoo;
		};
/* End PBXContainerItemProxy section */

/* Begin PBXCopyFilesBuildPhase section */
		EE1C49281B56337A009C1304 /* CopyFiles */ = {
			isa = PBXCopyFilesBuildPhase;
			buildActionMask = 2147483647;
			dstPath = "include/$(PRODUCT_NAME)";
			dstSubfolderSpec = 16;
			files = (
				EE1C492E1B56337A009C1304 /* PluginIgaworksNanoo.h in CopyFiles */,
			);
			runOnlyForDeploymentPostprocessing = 0;
		};
/* End PBXCopyFilesBuildPhase section */

/* Begin PBXFileReference section */
		EE1C492A1B56337A009C1304 /* libPluginIgaworksNanoo.a */ = {isa = PBXFileReference; explicitFileType = archive.ar; includeInIndex = 0; path = libPluginIgaworksNanoo.a; sourceTree = BUILT_PRODUCTS_DIR; };
		EE1C492D1B56337A009C1304 /* PluginIgaworksNanoo.h */ = {isa = PBXFileReference; lastKnownFileType = sourcecode.c.h; path = PluginIgaworksNanoo.h; sourceTree = "<group>"; };
		EE1C492F1B56337A009C1304 /* PluginIgaworksNanoo.m */ = {isa = PBXFileReference; lastKnownFileType = sourcecode.c.objc; path = PluginIgaworksNanoo.m; sourceTree = "<group>"; };
		EE1C49351B56337A009C1304 /* PluginIgaworksNanooTests.xctest */ = {isa = PBXFileReference; explicitFileType = wrapper.cfbundle; includeInIndex = 0; path = PluginIgaworksNanooTests.xctest; sourceTree = BUILT_PRODUCTS_DIR; };
		EE1C493B1B56337A009C1304 /* Info.plist */ = {isa = PBXFileReference; lastKnownFileType = text.plist.xml; path = Info.plist; sourceTree = "<group>"; };
		EE1C49441B5634BB009C1304 /* IgaworksNanoo.framework */ = {isa = PBXFileReference; lastKnownFileType = wrapper.framework; name = IgaworksNanoo.framework; path = ../../IgaworksNanoo.framework; sourceTree = "<group>"; };
/* End PBXFileReference section */

/* Begin PBXFrameworksBuildPhase section */
		EE1C49271B56337A009C1304 /* Frameworks */ = {
			isa = PBXFrameworksBuildPhase;
			buildActionMask = 2147483647;
			files = (
				EE1C49451B5634BB009C1304 /* IgaworksNanoo.framework in Frameworks */,
			);
			runOnlyForDeploymentPostprocessing = 0;
		};
		EE1C49321B56337A009C1304 /* Frameworks */ = {
			isa = PBXFrameworksBuildPhase;
			buildActionMask = 2147483647;
			files = (
				EE1C49361B56337A009C1304 /* libPluginIgaworksNanoo.a in Frameworks */,
			);
			runOnlyForDeploymentPostprocessing = 0;
		};
/* End PBXFrameworksBuildPhase section */

/* Begin PBXGroup section */
		EE1C49211B56337A009C1304 = {
			isa = PBXGroup;
			children = (
				EE1C492C1B56337A009C1304 /* PluginIgaworksNanoo */,
				EE1C49391B56337A009C1304 /* PluginIgaworksNanooTests */,
				EE1C492B1B56337A009C1304 /* Products */,
			);
			sourceTree = "<group>";
		};
		EE1C492B1B56337A009C1304 /* Products */ = {
			isa = PBXGroup;
			children = (
				EE1C492A1B56337A009C1304 /* libPluginIgaworksNanoo.a */,
				EE1C49351B56337A009C1304 /* PluginIgaworksNanooTests.xctest */,
			);
			name = Products;
			sourceTree = "<group>";
		};
		EE1C492C1B56337A009C1304 /* PluginIgaworksNanoo */ = {
			isa = PBXGroup;
			children = (
				EE1C49441B5634BB009C1304 /* IgaworksNanoo.framework */,
				EE1C492D1B56337A009C1304 /* PluginIgaworksNanoo.h */,
				EE1C492F1B56337A009C1304 /* PluginIgaworksNanoo.m */,
			);
			path = PluginIgaworksNanoo;
			sourceTree = "<group>";
		};
		EE1C49391B56337A009C1304 /* PluginIgaworksNanooTests */ = {
			isa = PBXGroup;
			children = (
				EE1C493A1B56337A009C1304 /* Supporting Files */,
			);
			path = PluginIgaworksNanooTests;
			sourceTree = "<group>";
		};
		EE1C493A1B56337A009C1304 /* Supporting Files */ = {
			isa = PBXGroup;
			children = (
				EE1C493B1B56337A009C1304 /* Info.plist */,
			);
			name = "Supporting Files";
			sourceTree = "<group>";
		};
/* End PBXGroup section */

/* Begin PBXNativeTarget section */
		EE1C49291B56337A009C1304 /* PluginIgaworksNanoo */ = {
			isa = PBXNativeTarget;
			buildConfigurationList = EE1C493E1B56337A009C1304 /* Build configuration list for PBXNativeTarget "PluginIgaworksNanoo" */;
			buildPhases = (
				EE1C49261B56337A009C1304 /* Sources */,
				EE1C49271B56337A009C1304 /* Frameworks */,
				EE1C49281B56337A009C1304 /* CopyFiles */,
			);
			buildRules = (
			);
			dependencies = (
			);
			name = PluginIgaworksNanoo;
			productName = PluginIgaworksNanoo;
			productReference = EE1C492A1B56337A009C1304 /* libPluginIgaworksNanoo.a */;
			productType = "com.apple.product-type.library.static";
		};
		EE1C49341B56337A009C1304 /* PluginIgaworksNanooTests */ = {
			isa = PBXNativeTarget;
			buildConfigurationList = EE1C49411B56337A009C1304 /* Build configuration list for PBXNativeTarget "PluginIgaworksNanooTests" */;
			buildPhases = (
				EE1C49311B56337A009C1304 /* Sources */,
				EE1C49321B56337A009C1304 /* Frameworks */,
				EE1C49331B56337A009C1304 /* Resources */,
			);
			buildRules = (
			);
			dependencies = (
				EE1C49381B56337A009C1304 /* PBXTargetDependency */,
			);
			name = PluginIgaworksNanooTests;
			productName = PluginIgaworksNanooTests;
			productReference = EE1C49351B56337A009C1304 /* PluginIgaworksNanooTests.xctest */;
			productType = "com.apple.product-type.bundle.unit-test";
		};
/* End PBXNativeTarget section */

/* Begin PBXProject section */
		EE1C49221B56337A009C1304 /* Project object */ = {
			isa = PBXProject;
			attributes = {
				LastUpgradeCheck = 0640;
				ORGANIZATIONNAME = "wonje,song";
				TargetAttributes = {
					EE1C49291B56337A009C1304 = {
						CreatedOnToolsVersion = 6.4;
					};
					EE1C49341B56337A009C1304 = {
						CreatedOnToolsVersion = 6.4;
					};
				};
			};
			buildConfigurationList = EE1C49251B56337A009C1304 /* Build configuration list for PBXProject "PluginIgaworksNanoo" */;
			compatibilityVersion = "Xcode 3.2";
			developmentRegion = English;
			hasScannedForEncodings = 0;
			knownRegions = (
				en,
			);
			mainGroup = EE1C49211B56337A009C1304;
			productRefGroup = EE1C492B1B56337A009C1304 /* Products */;
			projectDirPath = "";
			projectRoot = "";
			targets = (
				EE1C49291B56337A009C1304 /* PluginIgaworksNanoo */,
				EE1C49341B56337A009C1304 /* PluginIgaworksNanooTests */,
			);
		};
/* End PBXProject section */

/* Begin PBXResourcesBuildPhase section */
		EE1C49331B56337A009C1304 /* Resources */ = {
			isa = PBXResourcesBuildPhase;
			buildActionMask = 2147483647;
			files = (
			);
			runOnlyForDeploymentPostprocessing = 0;
		};
/* End PBXResourcesBuildPhase section */

/* Begin PBXSourcesBuildPhase section */
		EE1C49261B56337A009C1304 /* Sources */ = {
			isa = PBXSourcesBuildPhase;
			buildActionMask = 2147483647;
			files = (
				EE1C49301B56337A009C1304 /* PluginIgaworksNanoo.m in Sources */,
			);
			runOnlyForDeploymentPostprocessing = 0;
		};
		EE1C49311B56337A009C1304 /* Sources */ = {
			isa = PBXSourcesBuildPhase;
			buildActionMask = 2147483647;
			files = (
			);
			runOnlyForDeploymentPostprocessing = 0;
		};
/* End PBXSourcesBuildPhase section */

/* Begin PBXTargetDependency section */
		EE1C49381B56337A009C1304 /* PBXTargetDependency */ = {
			isa = PBXTargetDependency;
			target = EE1C49291B56337A009C1304 /* PluginIgaworksNanoo */;
			targetProxy = EE1C49371B56337A009C1304 /* PBXContainerItemProxy */;
		};
/* End PBXTargetDependency section */

/* Begin XCBuildConfiguration section */
		EE1C493C1B56337A009C1304 /* Debug */ = {
			isa = XCBuildConfiguration;
			buildSettings = {
				ALWAYS_SEARCH_USER_PATHS = NO;
				CLANG_CXX_LANGUAGE_STANDARD = "gnu++0x";
				CLANG_CXX_LIBRARY = "libc++";
				CLANG_ENABLE_MODULES = YES;
				CLANG_ENABLE_OBJC_ARC = YES;
				CLANG_WARN_BOOL_CONVERSION = YES;
				CLANG_WARN_CONSTANT_CONVERSION = YES;
				CLANG_WARN_DIRECT_OBJC_ISA_USAGE = YES_ERROR;
				CLANG_WARN_EMPTY_BODY = YES;
				CLANG_WARN_ENUM_CONVERSION = YES;
				CLANG_WARN_INT_CONVERSION = YES;
				CLANG_WARN_OBJC_ROOT_CLASS = YES_ERROR;
				CLANG_WARN_UNREACHABLE_CODE = YES;
				CLANG_WARN__DUPLICATE_METHOD_MATCH = YES;
				COPY_PHASE_STRIP = NO;
				DEBUG_INFORMATION_FORMAT = "dwarf-with-dsym";
				ENABLE_STRICT_OBJC_MSGSEND = YES;
				GCC_C_LANGUAGE_STANDARD = gnu99;
				GCC_DYNAMIC_NO_PIC = NO;
				GCC_NO_COMMON_BLOCKS = YES;
				GCC_OPTIMIZATION_LEVEL = 0;
				GCC_PREPROCESSOR_DEFINITIONS = (
					"DEBUG=1",
					"$(inherited)",
				);
				GCC_SYMBOLS_PRIVATE_EXTERN = NO;
				GCC_WARN_64_TO_32_BIT_CONVERSION = YES;
				GCC_WARN_ABOUT_RETURN_TYPE = YES_ERROR;
				GCC_WARN_UNDECLARED_SELECTOR = YES;
				GCC_WARN_UNINITIALIZED_AUTOS = YES_AGGRESSIVE;
				GCC_WARN_UNUSED_FUNCTION = YES;
				GCC_WARN_UNUSED_VARIABLE = YES;
				IPHONEOS_DEPLOYMENT_TARGET = 8.4;
				MTL_ENABLE_DEBUG_INFO = YES;
				ONLY_ACTIVE_ARCH = YES;
				SDKROOT = iphoneos;
			};
			name = Debug;
		};
		EE1C493D1B56337A009C1304 /* Release */ = {
			isa = XCBuildConfiguration;
			buildSettings = {
				ALWAYS_SEARCH_USER_PATHS = NO;
				CLANG_CXX_LANGUAGE_STANDARD = "gnu++0x";
				CLANG_CXX_LIBRARY = "libc++";
				CLANG_ENABLE_MODULES = YES;
				CLANG_ENABLE_OBJC_ARC = YES;
				CLANG_WARN_BOOL_CONVERSION = YES;
				CLANG_WARN_CONSTANT_CONVERSION = YES;
				CLANG_WARN_DIRECT_OBJC_ISA_USAGE = YES_ERROR;
				CLANG_WARN_EMPTY_BODY = YES;
				CLANG_WARN_ENUM_CONVERSION = YES;
				CLANG_WARN_INT_CONVERSION = YES;
				CLANG_WARN_OBJC_ROOT_CLASS = YES_ERROR;
				CLANG_WARN_UNREACHABLE_CODE = YES;
				CLANG_WARN__DUPLICATE_METHOD_MATCH = YES;
				COPY_PHASE_STRIP = NO;
				DEBUG_INFORMATION_FORMAT = "dwarf-with-dsym";
				ENABLE_NS_ASSERTIONS = NO;
				ENABLE_STRICT_OBJC_MSGSEND = YES;
				GCC_C_LANGUAGE_STANDARD = gnu99;
				GCC_NO_COMMON_BLOCKS = YES;
				GCC_WARN_64_TO_32_BIT_CONVERSION = YES;
				GCC_WARN_ABOUT_RETURN_TYPE = YES_ERROR;
				GCC_WARN_UNDECLARED_SELECTOR = YES;
				GCC_WARN_UNINITIALIZED_AUTOS = YES_AGGRESSIVE;
				GCC_WARN_UNUSED_FUNCTION = YES;
				GCC_WARN_UNUSED_VARIABLE = YES;
				IPHONEOS_DEPLOYMENT_TARGET = 8.4;
				MTL_ENABLE_DEBUG_INFO = NO;
				SDKROOT = iphoneos;
				VALIDATE_PRODUCT = YES;
			};
			name = Release;
		};
		EE1C493F1B56337A009C1304 /* Debug */ = {
			isa = XCBuildConfiguration;
			buildSettings = {
				FRAMEWORK_SEARCH_PATHS = (
					"$(inherited)",
					"$(SRCROOT)/../",
				);
				HEADER_SEARCH_PATHS = (
					"$(inherited)",
					/Applications/Xcode.app/Contents/Developer/Toolchains/XcodeDefault.xctoolchain/usr/include,
					"$(SRCROOT)/../../../../protocols/platform/ios",
				);
				OTHER_LDFLAGS = "-ObjC";
				PRODUCT_NAME = "$(TARGET_NAME)";
				SKIP_INSTALL = YES;
			};
			name = Debug;
		};
		EE1C49401B56337A009C1304 /* Release */ = {
			isa = XCBuildConfiguration;
			buildSettings = {
				FRAMEWORK_SEARCH_PATHS = (
					"$(inherited)",
					"$(SRCROOT)/../",
				);
				HEADER_SEARCH_PATHS = (
					"$(inherited)",
					/Applications/Xcode.app/Contents/Developer/Toolchains/XcodeDefault.xctoolchain/usr/include,
					"$(SRCROOT)/../../../../protocols/platform/ios",
				);
				OTHER_LDFLAGS = "-ObjC";
				PRODUCT_NAME = "$(TARGET_NAME)";
				SKIP_INSTALL = YES;
			};
			name = Release;
		};
		EE1C49421B56337A009C1304 /* Debug */ = {
			isa = XCBuildConfiguration;
			buildSettings = {
				"CODE_SIGN_IDENTITY[sdk=iphoneos*]" = "iPhone Developer";
				FRAMEWORK_SEARCH_PATHS = (
					"$(SDKROOT)/Developer/Library/Frameworks",
					"$(inherited)",
				);
				GCC_PREPROCESSOR_DEFINITIONS = (
					"DEBUG=1",
					"$(inherited)",
				);
				INFOPLIST_FILE = PluginIgaworksNanooTests/Info.plist;
				LD_RUNPATH_SEARCH_PATHS = "$(inherited) @executable_path/Frameworks @loader_path/Frameworks";
				PRODUCT_NAME = "$(TARGET_NAME)";
			};
			name = Debug;
		};
		EE1C49431B56337A009C1304 /* Release */ = {
			isa = XCBuildConfiguration;
			buildSettings = {
				"CODE_SIGN_IDENTITY[sdk=iphoneos*]" = "iPhone Developer";
				FRAMEWORK_SEARCH_PATHS = (
					"$(SDKROOT)/Developer/Library/Frameworks",
					"$(inherited)",
				);
				INFOPLIST_FILE = PluginIgaworksNanooTests/Info.plist;
				LD_RUNPATH_SEARCH_PATHS = "$(inherited) @executable_path/Frameworks @loader_path/Frameworks";
				PRODUCT_NAME = "$(TARGET_NAME)";
			};
			name = Release;
		};
/* End XCBuildConfiguration section */

/* Begin XCConfigurationList section */
		EE1C49251B56337A009C1304 /* Build configuration list for PBXProject "PluginIgaworksNanoo" */ = {
			isa = XCConfigurationList;
			buildConfigurations = (
				EE1C493C1B56337A009C1304 /* Debug */,
				EE1C493D1B56337A009C1304 /* Release */,
			);
			defaultConfigurationIsVisible = 0;
			defaultConfigurationName = Release;
		};
		EE1C493E1B56337A009C1304 /* Build configuration list for PBXNativeTarget "PluginIgaworksNanoo" */ = {
			isa = XCConfigurationList;
			buildConfigurations = (
				EE1C493F1B56337A009C1304 /* Debug */,
				EE1C49401B56337A009C1304 /* Release */,
			);
			defaultConfigurationIsVisible = 0;
		};
		EE1C49411B56337A009C1304 /* Build configuration list for PBXNativeTarget "PluginIgaworksNanooTests" */ = {
			isa = XCConfigurationList;
			buildConfigurations = (
				EE1C49421B56337A009C1304 /* Debug */,
				EE1C49431B56337A009C1304 /* Release */,
			);
			defaultConfigurationIsVisible = 0;
		};
/* End XCConfigurationList section */
	};
	rootObject = EE1C49221B56337A009C1304 /* Project object */;
}
